// !$*UTF8*$!
{
	archiveVersion = 1;
	classes = {
	};
	objectVersion = 46;
	objects = {

/* Begin PBXAggregateTarget section */
		"PolymorphSwiftGen::PolymorphSwiftGenPackageTests::ProductTarget" /* PolymorphSwiftGenPackageTests */ = {
			isa = PBXAggregateTarget;
			buildConfigurationList = OBJ_342 /* Build configuration list for PBXAggregateTarget "PolymorphSwiftGenPackageTests" */;
			buildPhases = (
			);
			dependencies = (
				OBJ_345 /* PBXTargetDependency */,
			);
			name = PolymorphSwiftGenPackageTests;
			productName = PolymorphSwiftGenPackageTests;
		};
/* End PBXAggregateTarget section */

/* Begin PBXBuildFile section */
		A32540861F9E12B90026FE4F /* DefaultEnumDescriptionBuilder.swift in Sources */ = {isa = PBXBuildFile; fileRef = A32540851F9E12B90026FE4F /* DefaultEnumDescriptionBuilder.swift */; };
		OBJ_152 /* Package.swift in Sources */ = {isa = PBXBuildFile; fileRef = OBJ_6 /* Package.swift */; };
		OBJ_158 /* Package.swift in Sources */ = {isa = PBXBuildFile; fileRef = OBJ_100 /* Package.swift */; };
		OBJ_164 /* Package.swift in Sources */ = {isa = PBXBuildFile; fileRef = OBJ_105 /* Package.swift */; };
		OBJ_170 /* Package.swift in Sources */ = {isa = PBXBuildFile; fileRef = OBJ_115 /* Package.swift */; };
		OBJ_176 /* Package.swift in Sources */ = {isa = PBXBuildFile; fileRef = OBJ_134 /* Package.swift */; };
		OBJ_182 /* Package.swift in Sources */ = {isa = PBXBuildFile; fileRef = OBJ_138 /* Package.swift */; };
		OBJ_188 /* PolymorphSwiftGenTests.swift in Sources */ = {isa = PBXBuildFile; fileRef = OBJ_73 /* PolymorphSwiftGenTests.swift */; };
		OBJ_190 /* PolymorphSwiftGen.framework in Frameworks */ = {isa = PBXBuildFile; fileRef = "PolymorphSwiftGen::PolymorphSwiftGen::Product" /* PolymorphSwiftGen.framework */; };
		OBJ_191 /* SwiftCodeWriter.framework in Frameworks */ = {isa = PBXBuildFile; fileRef = "SwiftCodeWriter::SwiftCodeWriter::Product" /* SwiftCodeWriter.framework */; };
		OBJ_192 /* CodeWriter.framework in Frameworks */ = {isa = PBXBuildFile; fileRef = "CodeWriter::CodeWriter::Product" /* CodeWriter.framework */; };
		OBJ_193 /* PolymorphGen.framework in Frameworks */ = {isa = PBXBuildFile; fileRef = "PolymorphGen::PolymorphGen::Product" /* PolymorphGen.framework */; };
		OBJ_194 /* PolymorphCore.framework in Frameworks */ = {isa = PBXBuildFile; fileRef = "PolymorphCore::PolymorphCore::Product" /* PolymorphCore.framework */; };
		OBJ_195 /* StringCase.framework in Frameworks */ = {isa = PBXBuildFile; fileRef = "StringCase::StringCase::Product" /* StringCase.framework */; };
		OBJ_212 /* FileDocumentationBuilder.swift in Sources */ = {isa = PBXBuildFile; fileRef = OBJ_9 /* FileDocumentationBuilder.swift */; };
		OBJ_213 /* FilePath.swift in Sources */ = {isa = PBXBuildFile; fileRef = OBJ_10 /* FilePath.swift */; };
		OBJ_214 /* ClassDescriptionBuilder.swift in Sources */ = {isa = PBXBuildFile; fileRef = OBJ_14 /* ClassDescriptionBuilder.swift */; };
		OBJ_215 /* ClassExtensionDescriptionBuilder.swift in Sources */ = {isa = PBXBuildFile; fileRef = OBJ_15 /* ClassExtensionDescriptionBuilder.swift */; };
		OBJ_216 /* ClassInitializerDescriptionBuilder.swift in Sources */ = {isa = PBXBuildFile; fileRef = OBJ_16 /* ClassInitializerDescriptionBuilder.swift */; };
		OBJ_217 /* ClassMethodDescriptionBuilder.swift in Sources */ = {isa = PBXBuildFile; fileRef = OBJ_17 /* ClassMethodDescriptionBuilder.swift */; };
		OBJ_218 /* ClassPropertyDescriptionBuilder.swift in Sources */ = {isa = PBXBuildFile; fileRef = OBJ_18 /* ClassPropertyDescriptionBuilder.swift */; };
		OBJ_219 /* DefaultClassDescriptionBuilder.swift in Sources */ = {isa = PBXBuildFile; fileRef = OBJ_20 /* DefaultClassDescriptionBuilder.swift */; };
		OBJ_220 /* DefaultProtocolDescriptionBuilder.swift in Sources */ = {isa = PBXBuildFile; fileRef = OBJ_21 /* DefaultProtocolDescriptionBuilder.swift */; };
		OBJ_221 /* CustomStringConvertibleClassExtensionDescriptionBuilder.swift in Sources */ = {isa = PBXBuildFile; fileRef = OBJ_23 /* CustomStringConvertibleClassExtensionDescriptionBuilder.swift */; };
		OBJ_222 /* HashableClassDescriptionBuilder.swift in Sources */ = {isa = PBXBuildFile; fileRef = OBJ_24 /* HashableClassDescriptionBuilder.swift */; };
		OBJ_223 /* DefaultClassInitializerDescriptionBuilder.swift in Sources */ = {isa = PBXBuildFile; fileRef = OBJ_26 /* DefaultClassInitializerDescriptionBuilder.swift */; };
		OBJ_224 /* ArrayEqualsClassMethodDescriptionBuilder.swift in Sources */ = {isa = PBXBuildFile; fileRef = OBJ_28 /* ArrayEqualsClassMethodDescriptionBuilder.swift */; };
		OBJ_225 /* EqualsClassMethodDescriptionBuilder.swift in Sources */ = {isa = PBXBuildFile; fileRef = OBJ_29 /* EqualsClassMethodDescriptionBuilder.swift */; };
		OBJ_226 /* NotEqualsClassMethodDescriptionBuilder.swift in Sources */ = {isa = PBXBuildFile; fileRef = OBJ_30 /* NotEqualsClassMethodDescriptionBuilder.swift */; };
		OBJ_227 /* DefaultClassPropertyDescriptionBuilder.swift in Sources */ = {isa = PBXBuildFile; fileRef = OBJ_32 /* DefaultClassPropertyDescriptionBuilder.swift */; };
		OBJ_228 /* ObjectMapperClassInitializerDescriptionBuilder.swift in Sources */ = {isa = PBXBuildFile; fileRef = OBJ_35 /* ObjectMapperClassInitializerDescriptionBuilder.swift */; };
		OBJ_229 /* ObjectMapperMappingClassMethodDescriptionBuilder.swift in Sources */ = {isa = PBXBuildFile; fileRef = OBJ_37 /* ObjectMapperMappingClassMethodDescriptionBuilder.swift */; };
		OBJ_230 /* ObjectMapperClassDescriptionBuilder.swift in Sources */ = {isa = PBXBuildFile; fileRef = OBJ_38 /* ObjectMapperClassDescriptionBuilder.swift */; };
		OBJ_231 /* ObjectMapperProtocolDescriptionBuilder.swift in Sources */ = {isa = PBXBuildFile; fileRef = OBJ_39 /* ObjectMapperProtocolDescriptionBuilder.swift */; };
		OBJ_232 /* ObjectMapperTransformerClassPropertyDescriptionBuilder.swift in Sources */ = {isa = PBXBuildFile; fileRef = OBJ_41 /* ObjectMapperTransformerClassPropertyDescriptionBuilder.swift */; };
		OBJ_233 /* ObjectMapperTransformerMethodInfoBuilder.swift in Sources */ = {isa = PBXBuildFile; fileRef = OBJ_42 /* ObjectMapperTransformerMethodInfoBuilder.swift */; };
		OBJ_234 /* ObjectMapperTransformerMethodInfoBuilderRegistry.swift in Sources */ = {isa = PBXBuildFile; fileRef = OBJ_43 /* ObjectMapperTransformerMethodInfoBuilderRegistry.swift */; };
		OBJ_235 /* DateObjectMapperTransformerMethodInfoBuilder.swift in Sources */ = {isa = PBXBuildFile; fileRef = OBJ_45 /* DateObjectMapperTransformerMethodInfoBuilder.swift */; };
		OBJ_236 /* TimestampObjectMapperTransformerMethodInfoBuilder.swift in Sources */ = {isa = PBXBuildFile; fileRef = OBJ_46 /* TimestampObjectMapperTransformerMethodInfoBuilder.swift */; };
		OBJ_237 /* ProtocolDescriptionBuilder.swift in Sources */ = {isa = PBXBuildFile; fileRef = OBJ_47 /* ProtocolDescriptionBuilder.swift */; };
		OBJ_238 /* ClassDefinitionFileBuilder.swift in Sources */ = {isa = PBXBuildFile; fileRef = OBJ_49 /* ClassDefinitionFileBuilder.swift */; };
		OBJ_239 /* DefaultDefinitionClassFileBuilder.swift in Sources */ = {isa = PBXBuildFile; fileRef = OBJ_51 /* DefaultDefinitionClassFileBuilder.swift */; };
		OBJ_240 /* InterfaceDefinitionClassFileBuilder.swift in Sources */ = {isa = PBXBuildFile; fileRef = OBJ_53 /* InterfaceDefinitionClassFileBuilder.swift */; };
		OBJ_241 /* DependencyModuleClassFileBuilder.swift in Sources */ = {isa = PBXBuildFile; fileRef = OBJ_55 /* DependencyModuleClassFileBuilder.swift */; };
		OBJ_242 /* ImplementationClassFileBuilder.swift in Sources */ = {isa = PBXBuildFile; fileRef = OBJ_56 /* ImplementationClassFileBuilder.swift */; };
		OBJ_243 /* EnumDescriptionBuilder.swift in Sources */ = {isa = PBXBuildFile; fileRef = OBJ_59 /* EnumDescriptionBuilder.swift */; };
		OBJ_244 /* EnumDefinitionFileBuilder.swift in Sources */ = {isa = PBXBuildFile; fileRef = OBJ_61 /* EnumDefinitionFileBuilder.swift */; };
		OBJ_245 /* SwiftClassFileBuilderManager.swift in Sources */ = {isa = PBXBuildFile; fileRef = OBJ_62 /* SwiftClassFileBuilderManager.swift */; };
		OBJ_246 /* Framework.swift in Sources */ = {isa = PBXBuildFile; fileRef = OBJ_64 /* Framework.swift */; };
		OBJ_247 /* FoundationFramework.swift in Sources */ = {isa = PBXBuildFile; fileRef = OBJ_66 /* FoundationFramework.swift */; };
		OBJ_248 /* UIKitFramework.swift in Sources */ = {isa = PBXBuildFile; fileRef = OBJ_67 /* UIKitFramework.swift */; };
		OBJ_249 /* Mapping.swift in Sources */ = {isa = PBXBuildFile; fileRef = OBJ_68 /* Mapping.swift */; };
		OBJ_250 /* PolymorphSwiftGenError.swift in Sources */ = {isa = PBXBuildFile; fileRef = OBJ_69 /* PolymorphSwiftGenError.swift */; };
		OBJ_251 /* SwiftPlatformGen.swift in Sources */ = {isa = PBXBuildFile; fileRef = OBJ_70 /* SwiftPlatformGen.swift */; };
		OBJ_253 /* SwiftCodeWriter.framework in Frameworks */ = {isa = PBXBuildFile; fileRef = "SwiftCodeWriter::SwiftCodeWriter::Product" /* SwiftCodeWriter.framework */; };
		OBJ_254 /* CodeWriter.framework in Frameworks */ = {isa = PBXBuildFile; fileRef = "CodeWriter::CodeWriter::Product" /* CodeWriter.framework */; };
		OBJ_255 /* PolymorphGen.framework in Frameworks */ = {isa = PBXBuildFile; fileRef = "PolymorphGen::PolymorphGen::Product" /* PolymorphGen.framework */; };
		OBJ_256 /* PolymorphCore.framework in Frameworks */ = {isa = PBXBuildFile; fileRef = "PolymorphCore::PolymorphCore::Product" /* PolymorphCore.framework */; };
		OBJ_257 /* StringCase.framework in Frameworks */ = {isa = PBXBuildFile; fileRef = "StringCase::StringCase::Product" /* StringCase.framework */; };
		OBJ_267 /* ClassDescription.swift in Sources */ = {isa = PBXBuildFile; fileRef = OBJ_79 /* ClassDescription.swift */; };
		OBJ_268 /* EnumDescription.swift in Sources */ = {isa = PBXBuildFile; fileRef = OBJ_80 /* EnumDescription.swift */; };
		OBJ_269 /* ExtensionDescription.swift in Sources */ = {isa = PBXBuildFile; fileRef = OBJ_81 /* ExtensionDescription.swift */; };
		OBJ_270 /* FileDescription.swift in Sources */ = {isa = PBXBuildFile; fileRef = OBJ_82 /* FileDescription.swift */; };
		OBJ_271 /* InitializerDescription.swift in Sources */ = {isa = PBXBuildFile; fileRef = OBJ_83 /* InitializerDescription.swift */; };
		OBJ_272 /* MethodDescription.swift in Sources */ = {isa = PBXBuildFile; fileRef = OBJ_84 /* MethodDescription.swift */; };
		OBJ_273 /* ModuleDependency.swift in Sources */ = {isa = PBXBuildFile; fileRef = OBJ_85 /* ModuleDependency.swift */; };
		OBJ_274 /* PropertyDescription.swift in Sources */ = {isa = PBXBuildFile; fileRef = OBJ_86 /* PropertyDescription.swift */; };
		OBJ_275 /* ProtocolDescription.swift in Sources */ = {isa = PBXBuildFile; fileRef = OBJ_87 /* ProtocolDescription.swift */; };
		OBJ_276 /* Visibility.swift in Sources */ = {isa = PBXBuildFile; fileRef = OBJ_88 /* Visibility.swift */; };
		OBJ_277 /* ClassPropertyWriter.swift in Sources */ = {isa = PBXBuildFile; fileRef = OBJ_90 /* ClassPropertyWriter.swift */; };
		OBJ_278 /* ClassWriter.swift in Sources */ = {isa = PBXBuildFile; fileRef = OBJ_91 /* ClassWriter.swift */; };
		OBJ_279 /* DocumentationWriter.swift in Sources */ = {isa = PBXBuildFile; fileRef = OBJ_92 /* DocumentationWriter.swift */; };
		OBJ_280 /* EnumWriter.swift in Sources */ = {isa = PBXBuildFile; fileRef = OBJ_93 /* EnumWriter.swift */; };
		OBJ_281 /* ExtensionWriter.swift in Sources */ = {isa = PBXBuildFile; fileRef = OBJ_94 /* ExtensionWriter.swift */; };
		OBJ_282 /* FileWriter.swift in Sources */ = {isa = PBXBuildFile; fileRef = OBJ_95 /* FileWriter.swift */; };
		OBJ_283 /* InitializerWriter.swift in Sources */ = {isa = PBXBuildFile; fileRef = OBJ_96 /* InitializerWriter.swift */; };
		OBJ_284 /* MethodWriter.swift in Sources */ = {isa = PBXBuildFile; fileRef = OBJ_97 /* MethodWriter.swift */; };
		OBJ_285 /* ProtocolPropertyWriter.swift in Sources */ = {isa = PBXBuildFile; fileRef = OBJ_98 /* ProtocolPropertyWriter.swift */; };
		OBJ_286 /* ProtocolWriter.swift in Sources */ = {isa = PBXBuildFile; fileRef = OBJ_99 /* ProtocolWriter.swift */; };
		OBJ_288 /* CodeWriter.framework in Frameworks */ = {isa = PBXBuildFile; fileRef = "CodeWriter::CodeWriter::Product" /* CodeWriter.framework */; };
		OBJ_294 /* CodeBuilder.swift in Sources */ = {isa = PBXBuildFile; fileRef = OBJ_103 /* CodeBuilder.swift */; };
		OBJ_295 /* CodeWriter.swift in Sources */ = {isa = PBXBuildFile; fileRef = OBJ_104 /* CodeWriter.swift */; };
		OBJ_301 /* ClassFileBuilder.swift in Sources */ = {isa = PBXBuildFile; fileRef = OBJ_109 /* ClassFileBuilder.swift */; };
		OBJ_302 /* EnumFileBuilder.swift in Sources */ = {isa = PBXBuildFile; fileRef = OBJ_110 /* EnumFileBuilder.swift */; };
		OBJ_303 /* Dir.swift in Sources */ = {isa = PBXBuildFile; fileRef = OBJ_111 /* Dir.swift */; };
		OBJ_304 /* File.swift in Sources */ = {isa = PBXBuildFile; fileRef = OBJ_112 /* File.swift */; };
		OBJ_305 /* PlatformGen.swift in Sources */ = {isa = PBXBuildFile; fileRef = OBJ_113 /* PlatformGen.swift */; };
		OBJ_306 /* PolymorphGen.swift in Sources */ = {isa = PBXBuildFile; fileRef = OBJ_114 /* PolymorphGen.swift */; };
		OBJ_308 /* PolymorphCore.framework in Frameworks */ = {isa = PBXBuildFile; fileRef = "PolymorphCore::PolymorphCore::Product" /* PolymorphCore.framework */; };
		OBJ_309 /* StringCase.framework in Frameworks */ = {isa = PBXBuildFile; fileRef = "StringCase::StringCase::Product" /* StringCase.framework */; };
		OBJ_316 /* Class.swift in Sources */ = {isa = PBXBuildFile; fileRef = OBJ_118 /* Class.swift */; };
		OBJ_317 /* Documentable.swift in Sources */ = {isa = PBXBuildFile; fileRef = OBJ_119 /* Documentable.swift */; };
		OBJ_318 /* Enum.swift in Sources */ = {isa = PBXBuildFile; fileRef = OBJ_120 /* Enum.swift */; };
		OBJ_319 /* Member.swift in Sources */ = {isa = PBXBuildFile; fileRef = OBJ_121 /* Member.swift */; };
		OBJ_320 /* Models.swift in Sources */ = {isa = PBXBuildFile; fileRef = OBJ_122 /* Models.swift */; };
		OBJ_321 /* Native.swift in Sources */ = {isa = PBXBuildFile; fileRef = OBJ_123 /* Native.swift */; };
		OBJ_322 /* NativeFactory.swift in Sources */ = {isa = PBXBuildFile; fileRef = OBJ_124 /* NativeFactory.swift */; };
		OBJ_323 /* Object.swift in Sources */ = {isa = PBXBuildFile; fileRef = OBJ_125 /* Object.swift */; };
		OBJ_324 /* Package.swift in Sources */ = {isa = PBXBuildFile; fileRef = OBJ_126 /* Package.swift */; };
		OBJ_325 /* Packageable.swift in Sources */ = {isa = PBXBuildFile; fileRef = OBJ_127 /* Packageable.swift */; };
		OBJ_326 /* Polymorph.swift in Sources */ = {isa = PBXBuildFile; fileRef = OBJ_128 /* Polymorph.swift */; };
		OBJ_327 /* PolymorphCoreError.swift in Sources */ = {isa = PBXBuildFile; fileRef = OBJ_129 /* PolymorphCoreError.swift */; };
		OBJ_328 /* Project.swift in Sources */ = {isa = PBXBuildFile; fileRef = OBJ_130 /* Project.swift */; };
		OBJ_329 /* Property.swift in Sources */ = {isa = PBXBuildFile; fileRef = OBJ_131 /* Property.swift */; };
		OBJ_330 /* Transformer.swift in Sources */ = {isa = PBXBuildFile; fileRef = OBJ_132 /* Transformer.swift */; };
		OBJ_331 /* TransformerFactory.swift in Sources */ = {isa = PBXBuildFile; fileRef = OBJ_133 /* TransformerFactory.swift */; };
		OBJ_333 /* StringCase.framework in Frameworks */ = {isa = PBXBuildFile; fileRef = "StringCase::StringCase::Product" /* StringCase.framework */; };
		OBJ_339 /* StringCase.swift in Sources */ = {isa = PBXBuildFile; fileRef = OBJ_137 /* StringCase.swift */; };
/* End PBXBuildFile section */

/* Begin PBXContainerItemProxy section */
		A32540741F9E12670026FE4F /* PBXContainerItemProxy */ = {
			isa = PBXContainerItemProxy;
			containerPortal = OBJ_1 /* Project object */;
			proxyType = 1;
			remoteGlobalIDString = "SwiftCodeWriter::SwiftCodeWriter";
			remoteInfo = SwiftCodeWriter;
		};
		A32540751F9E12670026FE4F /* PBXContainerItemProxy */ = {
			isa = PBXContainerItemProxy;
			containerPortal = OBJ_1 /* Project object */;
			proxyType = 1;
			remoteGlobalIDString = "CodeWriter::CodeWriter";
			remoteInfo = CodeWriter;
		};
		A32540761F9E12670026FE4F /* PBXContainerItemProxy */ = {
			isa = PBXContainerItemProxy;
			containerPortal = OBJ_1 /* Project object */;
			proxyType = 1;
			remoteGlobalIDString = "CodeWriter::CodeWriter";
			remoteInfo = CodeWriter;
		};
		A32540771F9E12670026FE4F /* PBXContainerItemProxy */ = {
			isa = PBXContainerItemProxy;
			containerPortal = OBJ_1 /* Project object */;
			proxyType = 1;
			remoteGlobalIDString = "PolymorphGen::PolymorphGen";
			remoteInfo = PolymorphGen;
		};
		A32540781F9E12670026FE4F /* PBXContainerItemProxy */ = {
			isa = PBXContainerItemProxy;
			containerPortal = OBJ_1 /* Project object */;
			proxyType = 1;
			remoteGlobalIDString = "PolymorphCore::PolymorphCore";
			remoteInfo = PolymorphCore;
		};
		A32540791F9E12670026FE4F /* PBXContainerItemProxy */ = {
			isa = PBXContainerItemProxy;
			containerPortal = OBJ_1 /* Project object */;
			proxyType = 1;
			remoteGlobalIDString = "StringCase::StringCase";
			remoteInfo = StringCase;
		};
		A325407A1F9E12670026FE4F /* PBXContainerItemProxy */ = {
			isa = PBXContainerItemProxy;
			containerPortal = OBJ_1 /* Project object */;
			proxyType = 1;
			remoteGlobalIDString = "StringCase::StringCase";
			remoteInfo = StringCase;
		};
		A325407B1F9E12670026FE4F /* PBXContainerItemProxy */ = {
			isa = PBXContainerItemProxy;
			containerPortal = OBJ_1 /* Project object */;
			proxyType = 1;
			remoteGlobalIDString = "PolymorphCore::PolymorphCore";
			remoteInfo = PolymorphCore;
		};
		A325407C1F9E12670026FE4F /* PBXContainerItemProxy */ = {
			isa = PBXContainerItemProxy;
			containerPortal = OBJ_1 /* Project object */;
			proxyType = 1;
			remoteGlobalIDString = "StringCase::StringCase";
			remoteInfo = StringCase;
		};
		A325407D1F9E12670026FE4F /* PBXContainerItemProxy */ = {
			isa = PBXContainerItemProxy;
			containerPortal = OBJ_1 /* Project object */;
			proxyType = 1;
			remoteGlobalIDString = "PolymorphSwiftGen::PolymorphSwiftGen";
			remoteInfo = PolymorphSwiftGen;
		};
		A325407E1F9E12670026FE4F /* PBXContainerItemProxy */ = {
			isa = PBXContainerItemProxy;
			containerPortal = OBJ_1 /* Project object */;
			proxyType = 1;
			remoteGlobalIDString = "SwiftCodeWriter::SwiftCodeWriter";
			remoteInfo = SwiftCodeWriter;
		};
		A325407F1F9E12670026FE4F /* PBXContainerItemProxy */ = {
			isa = PBXContainerItemProxy;
			containerPortal = OBJ_1 /* Project object */;
			proxyType = 1;
			remoteGlobalIDString = "CodeWriter::CodeWriter";
			remoteInfo = CodeWriter;
		};
		A32540801F9E12670026FE4F /* PBXContainerItemProxy */ = {
			isa = PBXContainerItemProxy;
			containerPortal = OBJ_1 /* Project object */;
			proxyType = 1;
			remoteGlobalIDString = "PolymorphGen::PolymorphGen";
			remoteInfo = PolymorphGen;
		};
		A32540811F9E12670026FE4F /* PBXContainerItemProxy */ = {
			isa = PBXContainerItemProxy;
			containerPortal = OBJ_1 /* Project object */;
			proxyType = 1;
			remoteGlobalIDString = "PolymorphCore::PolymorphCore";
			remoteInfo = PolymorphCore;
		};
		A32540821F9E12670026FE4F /* PBXContainerItemProxy */ = {
			isa = PBXContainerItemProxy;
			containerPortal = OBJ_1 /* Project object */;
			proxyType = 1;
			remoteGlobalIDString = "StringCase::StringCase";
			remoteInfo = StringCase;
		};
		A32540831F9E12670026FE4F /* PBXContainerItemProxy */ = {
			isa = PBXContainerItemProxy;
			containerPortal = OBJ_1 /* Project object */;
			proxyType = 1;
			remoteGlobalIDString = "PolymorphSwiftGen::PolymorphSwiftGenTests";
			remoteInfo = PolymorphSwiftGenTests;
		};
/* End PBXContainerItemProxy section */

/* Begin PBXFileReference section */
		A32540851F9E12B90026FE4F /* DefaultEnumDescriptionBuilder.swift */ = {isa = PBXFileReference; lastKnownFileType = sourcecode.swift; path = DefaultEnumDescriptionBuilder.swift; sourceTree = "<group>"; };
		"CodeWriter::CodeWriter::Product" /* CodeWriter.framework */ = {isa = PBXFileReference; explicitFileType = wrapper.framework; path = CodeWriter.framework; sourceTree = BUILT_PRODUCTS_DIR; };
		OBJ_10 /* FilePath.swift */ = {isa = PBXFileReference; lastKnownFileType = sourcecode.swift; path = FilePath.swift; sourceTree = "<group>"; };
		OBJ_100 /* Package.swift */ = {isa = PBXFileReference; explicitFileType = sourcecode.swift; name = Package.swift; path = "/Users/bbriatte/Development/MacOS/Libraries/PolymorphSwiftGen/.build/checkouts/swift-code-writer.git-7499395208535419347/Package.swift"; sourceTree = "<group>"; };
		OBJ_103 /* CodeBuilder.swift */ = {isa = PBXFileReference; lastKnownFileType = sourcecode.swift; path = CodeBuilder.swift; sourceTree = "<group>"; };
		OBJ_104 /* CodeWriter.swift */ = {isa = PBXFileReference; lastKnownFileType = sourcecode.swift; path = CodeWriter.swift; sourceTree = "<group>"; };
		OBJ_105 /* Package.swift */ = {isa = PBXFileReference; explicitFileType = sourcecode.swift; name = Package.swift; path = "/Users/bbriatte/Development/MacOS/Libraries/PolymorphSwiftGen/.build/checkouts/code-writer.git-1075204726891225523/Package.swift"; sourceTree = "<group>"; };
		OBJ_109 /* ClassFileBuilder.swift */ = {isa = PBXFileReference; lastKnownFileType = sourcecode.swift; path = ClassFileBuilder.swift; sourceTree = "<group>"; };
		OBJ_110 /* EnumFileBuilder.swift */ = {isa = PBXFileReference; lastKnownFileType = sourcecode.swift; path = EnumFileBuilder.swift; sourceTree = "<group>"; };
		OBJ_111 /* Dir.swift */ = {isa = PBXFileReference; lastKnownFileType = sourcecode.swift; path = Dir.swift; sourceTree = "<group>"; };
		OBJ_112 /* File.swift */ = {isa = PBXFileReference; lastKnownFileType = sourcecode.swift; path = File.swift; sourceTree = "<group>"; };
		OBJ_113 /* PlatformGen.swift */ = {isa = PBXFileReference; lastKnownFileType = sourcecode.swift; path = PlatformGen.swift; sourceTree = "<group>"; };
		OBJ_114 /* PolymorphGen.swift */ = {isa = PBXFileReference; lastKnownFileType = sourcecode.swift; path = PolymorphGen.swift; sourceTree = "<group>"; };
		OBJ_115 /* Package.swift */ = {isa = PBXFileReference; explicitFileType = sourcecode.swift; name = Package.swift; path = "/Users/bbriatte/Development/MacOS/Libraries/PolymorphSwiftGen/.build/checkouts/polymorph-gen.git--7423296246049010527/Package.swift"; sourceTree = "<group>"; };
		OBJ_118 /* Class.swift */ = {isa = PBXFileReference; lastKnownFileType = sourcecode.swift; path = Class.swift; sourceTree = "<group>"; };
		OBJ_119 /* Documentable.swift */ = {isa = PBXFileReference; lastKnownFileType = sourcecode.swift; path = Documentable.swift; sourceTree = "<group>"; };
		OBJ_120 /* Enum.swift */ = {isa = PBXFileReference; lastKnownFileType = sourcecode.swift; path = Enum.swift; sourceTree = "<group>"; };
		OBJ_121 /* Member.swift */ = {isa = PBXFileReference; lastKnownFileType = sourcecode.swift; path = Member.swift; sourceTree = "<group>"; };
		OBJ_122 /* Models.swift */ = {isa = PBXFileReference; lastKnownFileType = sourcecode.swift; path = Models.swift; sourceTree = "<group>"; };
		OBJ_123 /* Native.swift */ = {isa = PBXFileReference; lastKnownFileType = sourcecode.swift; path = Native.swift; sourceTree = "<group>"; };
		OBJ_124 /* NativeFactory.swift */ = {isa = PBXFileReference; lastKnownFileType = sourcecode.swift; path = NativeFactory.swift; sourceTree = "<group>"; };
		OBJ_125 /* Object.swift */ = {isa = PBXFileReference; lastKnownFileType = sourcecode.swift; path = Object.swift; sourceTree = "<group>"; };
		OBJ_126 /* Package.swift */ = {isa = PBXFileReference; lastKnownFileType = sourcecode.swift; path = Package.swift; sourceTree = "<group>"; };
		OBJ_127 /* Packageable.swift */ = {isa = PBXFileReference; lastKnownFileType = sourcecode.swift; path = Packageable.swift; sourceTree = "<group>"; };
		OBJ_128 /* Polymorph.swift */ = {isa = PBXFileReference; lastKnownFileType = sourcecode.swift; path = Polymorph.swift; sourceTree = "<group>"; };
		OBJ_129 /* PolymorphCoreError.swift */ = {isa = PBXFileReference; lastKnownFileType = sourcecode.swift; path = PolymorphCoreError.swift; sourceTree = "<group>"; };
		OBJ_130 /* Project.swift */ = {isa = PBXFileReference; lastKnownFileType = sourcecode.swift; path = Project.swift; sourceTree = "<group>"; };
		OBJ_131 /* Property.swift */ = {isa = PBXFileReference; lastKnownFileType = sourcecode.swift; path = Property.swift; sourceTree = "<group>"; };
		OBJ_132 /* Transformer.swift */ = {isa = PBXFileReference; lastKnownFileType = sourcecode.swift; path = Transformer.swift; sourceTree = "<group>"; };
		OBJ_133 /* TransformerFactory.swift */ = {isa = PBXFileReference; lastKnownFileType = sourcecode.swift; path = TransformerFactory.swift; sourceTree = "<group>"; };
		OBJ_134 /* Package.swift */ = {isa = PBXFileReference; explicitFileType = sourcecode.swift; name = Package.swift; path = "/Users/bbriatte/Development/MacOS/Libraries/PolymorphSwiftGen/.build/checkouts/polymorph-core.git--5734409288504177711/Package.swift"; sourceTree = "<group>"; };
		OBJ_137 /* StringCase.swift */ = {isa = PBXFileReference; lastKnownFileType = sourcecode.swift; path = StringCase.swift; sourceTree = "<group>"; };
		OBJ_138 /* Package.swift */ = {isa = PBXFileReference; explicitFileType = sourcecode.swift; name = Package.swift; path = "/Users/bbriatte/Development/MacOS/Libraries/PolymorphSwiftGen/.build/checkouts/string-case-swift.git--1212291596022844212/Package.swift"; sourceTree = "<group>"; };
		OBJ_14 /* ClassDescriptionBuilder.swift */ = {isa = PBXFileReference; lastKnownFileType = sourcecode.swift; path = ClassDescriptionBuilder.swift; sourceTree = "<group>"; };
		OBJ_15 /* ClassExtensionDescriptionBuilder.swift */ = {isa = PBXFileReference; lastKnownFileType = sourcecode.swift; path = ClassExtensionDescriptionBuilder.swift; sourceTree = "<group>"; };
		OBJ_16 /* ClassInitializerDescriptionBuilder.swift */ = {isa = PBXFileReference; lastKnownFileType = sourcecode.swift; path = ClassInitializerDescriptionBuilder.swift; sourceTree = "<group>"; };
		OBJ_17 /* ClassMethodDescriptionBuilder.swift */ = {isa = PBXFileReference; lastKnownFileType = sourcecode.swift; path = ClassMethodDescriptionBuilder.swift; sourceTree = "<group>"; };
		OBJ_18 /* ClassPropertyDescriptionBuilder.swift */ = {isa = PBXFileReference; lastKnownFileType = sourcecode.swift; path = ClassPropertyDescriptionBuilder.swift; sourceTree = "<group>"; };
		OBJ_20 /* DefaultClassDescriptionBuilder.swift */ = {isa = PBXFileReference; lastKnownFileType = sourcecode.swift; path = DefaultClassDescriptionBuilder.swift; sourceTree = "<group>"; };
		OBJ_21 /* DefaultProtocolDescriptionBuilder.swift */ = {isa = PBXFileReference; lastKnownFileType = sourcecode.swift; path = DefaultProtocolDescriptionBuilder.swift; sourceTree = "<group>"; };
		OBJ_23 /* CustomStringConvertibleClassExtensionDescriptionBuilder.swift */ = {isa = PBXFileReference; lastKnownFileType = sourcecode.swift; path = CustomStringConvertibleClassExtensionDescriptionBuilder.swift; sourceTree = "<group>"; };
		OBJ_24 /* HashableClassDescriptionBuilder.swift */ = {isa = PBXFileReference; lastKnownFileType = sourcecode.swift; path = HashableClassDescriptionBuilder.swift; sourceTree = "<group>"; };
		OBJ_26 /* DefaultClassInitializerDescriptionBuilder.swift */ = {isa = PBXFileReference; lastKnownFileType = sourcecode.swift; path = DefaultClassInitializerDescriptionBuilder.swift; sourceTree = "<group>"; };
		OBJ_28 /* ArrayEqualsClassMethodDescriptionBuilder.swift */ = {isa = PBXFileReference; lastKnownFileType = sourcecode.swift; path = ArrayEqualsClassMethodDescriptionBuilder.swift; sourceTree = "<group>"; };
		OBJ_29 /* EqualsClassMethodDescriptionBuilder.swift */ = {isa = PBXFileReference; lastKnownFileType = sourcecode.swift; path = EqualsClassMethodDescriptionBuilder.swift; sourceTree = "<group>"; };
		OBJ_30 /* NotEqualsClassMethodDescriptionBuilder.swift */ = {isa = PBXFileReference; lastKnownFileType = sourcecode.swift; path = NotEqualsClassMethodDescriptionBuilder.swift; sourceTree = "<group>"; };
		OBJ_32 /* DefaultClassPropertyDescriptionBuilder.swift */ = {isa = PBXFileReference; lastKnownFileType = sourcecode.swift; path = DefaultClassPropertyDescriptionBuilder.swift; sourceTree = "<group>"; };
		OBJ_35 /* ObjectMapperClassInitializerDescriptionBuilder.swift */ = {isa = PBXFileReference; lastKnownFileType = sourcecode.swift; path = ObjectMapperClassInitializerDescriptionBuilder.swift; sourceTree = "<group>"; };
		OBJ_37 /* ObjectMapperMappingClassMethodDescriptionBuilder.swift */ = {isa = PBXFileReference; lastKnownFileType = sourcecode.swift; path = ObjectMapperMappingClassMethodDescriptionBuilder.swift; sourceTree = "<group>"; };
		OBJ_38 /* ObjectMapperClassDescriptionBuilder.swift */ = {isa = PBXFileReference; lastKnownFileType = sourcecode.swift; path = ObjectMapperClassDescriptionBuilder.swift; sourceTree = "<group>"; };
		OBJ_39 /* ObjectMapperProtocolDescriptionBuilder.swift */ = {isa = PBXFileReference; lastKnownFileType = sourcecode.swift; path = ObjectMapperProtocolDescriptionBuilder.swift; sourceTree = "<group>"; };
		OBJ_41 /* ObjectMapperTransformerClassPropertyDescriptionBuilder.swift */ = {isa = PBXFileReference; lastKnownFileType = sourcecode.swift; path = ObjectMapperTransformerClassPropertyDescriptionBuilder.swift; sourceTree = "<group>"; };
		OBJ_42 /* ObjectMapperTransformerMethodInfoBuilder.swift */ = {isa = PBXFileReference; lastKnownFileType = sourcecode.swift; path = ObjectMapperTransformerMethodInfoBuilder.swift; sourceTree = "<group>"; };
		OBJ_43 /* ObjectMapperTransformerMethodInfoBuilderRegistry.swift */ = {isa = PBXFileReference; lastKnownFileType = sourcecode.swift; path = ObjectMapperTransformerMethodInfoBuilderRegistry.swift; sourceTree = "<group>"; };
		OBJ_45 /* DateObjectMapperTransformerMethodInfoBuilder.swift */ = {isa = PBXFileReference; lastKnownFileType = sourcecode.swift; path = DateObjectMapperTransformerMethodInfoBuilder.swift; sourceTree = "<group>"; };
		OBJ_46 /* TimestampObjectMapperTransformerMethodInfoBuilder.swift */ = {isa = PBXFileReference; lastKnownFileType = sourcecode.swift; path = TimestampObjectMapperTransformerMethodInfoBuilder.swift; sourceTree = "<group>"; };
		OBJ_47 /* ProtocolDescriptionBuilder.swift */ = {isa = PBXFileReference; lastKnownFileType = sourcecode.swift; path = ProtocolDescriptionBuilder.swift; sourceTree = "<group>"; };
		OBJ_49 /* ClassDefinitionFileBuilder.swift */ = {isa = PBXFileReference; lastKnownFileType = sourcecode.swift; path = ClassDefinitionFileBuilder.swift; sourceTree = "<group>"; };
		OBJ_51 /* DefaultDefinitionClassFileBuilder.swift */ = {isa = PBXFileReference; lastKnownFileType = sourcecode.swift; path = DefaultDefinitionClassFileBuilder.swift; sourceTree = "<group>"; };
		OBJ_53 /* InterfaceDefinitionClassFileBuilder.swift */ = {isa = PBXFileReference; lastKnownFileType = sourcecode.swift; path = InterfaceDefinitionClassFileBuilder.swift; sourceTree = "<group>"; };
		OBJ_55 /* DependencyModuleClassFileBuilder.swift */ = {isa = PBXFileReference; lastKnownFileType = sourcecode.swift; path = DependencyModuleClassFileBuilder.swift; sourceTree = "<group>"; };
		OBJ_56 /* ImplementationClassFileBuilder.swift */ = {isa = PBXFileReference; lastKnownFileType = sourcecode.swift; path = ImplementationClassFileBuilder.swift; sourceTree = "<group>"; };
		OBJ_59 /* EnumDescriptionBuilder.swift */ = {isa = PBXFileReference; lastKnownFileType = sourcecode.swift; path = EnumDescriptionBuilder.swift; sourceTree = "<group>"; };
		OBJ_6 /* Package.swift */ = {isa = PBXFileReference; explicitFileType = sourcecode.swift; path = Package.swift; sourceTree = "<group>"; };
		OBJ_61 /* EnumDefinitionFileBuilder.swift */ = {isa = PBXFileReference; lastKnownFileType = sourcecode.swift; path = EnumDefinitionFileBuilder.swift; sourceTree = "<group>"; };
		OBJ_62 /* SwiftClassFileBuilderManager.swift */ = {isa = PBXFileReference; lastKnownFileType = sourcecode.swift; path = SwiftClassFileBuilderManager.swift; sourceTree = "<group>"; };
		OBJ_64 /* Framework.swift */ = {isa = PBXFileReference; lastKnownFileType = sourcecode.swift; path = Framework.swift; sourceTree = "<group>"; };
		OBJ_66 /* FoundationFramework.swift */ = {isa = PBXFileReference; lastKnownFileType = sourcecode.swift; path = FoundationFramework.swift; sourceTree = "<group>"; };
		OBJ_67 /* UIKitFramework.swift */ = {isa = PBXFileReference; lastKnownFileType = sourcecode.swift; path = UIKitFramework.swift; sourceTree = "<group>"; };
		OBJ_68 /* Mapping.swift */ = {isa = PBXFileReference; lastKnownFileType = sourcecode.swift; path = Mapping.swift; sourceTree = "<group>"; };
		OBJ_69 /* PolymorphSwiftGenError.swift */ = {isa = PBXFileReference; lastKnownFileType = sourcecode.swift; path = PolymorphSwiftGenError.swift; sourceTree = "<group>"; };
		OBJ_70 /* SwiftPlatformGen.swift */ = {isa = PBXFileReference; lastKnownFileType = sourcecode.swift; path = SwiftPlatformGen.swift; sourceTree = "<group>"; };
		OBJ_73 /* PolymorphSwiftGenTests.swift */ = {isa = PBXFileReference; lastKnownFileType = sourcecode.swift; path = PolymorphSwiftGenTests.swift; sourceTree = "<group>"; };
		OBJ_74 /* DerivedData */ = {isa = PBXFileReference; lastKnownFileType = folder; path = DerivedData; sourceTree = SOURCE_ROOT; };
		OBJ_79 /* ClassDescription.swift */ = {isa = PBXFileReference; lastKnownFileType = sourcecode.swift; path = ClassDescription.swift; sourceTree = "<group>"; };
		OBJ_80 /* EnumDescription.swift */ = {isa = PBXFileReference; lastKnownFileType = sourcecode.swift; path = EnumDescription.swift; sourceTree = "<group>"; };
		OBJ_81 /* ExtensionDescription.swift */ = {isa = PBXFileReference; lastKnownFileType = sourcecode.swift; path = ExtensionDescription.swift; sourceTree = "<group>"; };
		OBJ_82 /* FileDescription.swift */ = {isa = PBXFileReference; lastKnownFileType = sourcecode.swift; path = FileDescription.swift; sourceTree = "<group>"; };
		OBJ_83 /* InitializerDescription.swift */ = {isa = PBXFileReference; lastKnownFileType = sourcecode.swift; path = InitializerDescription.swift; sourceTree = "<group>"; };
		OBJ_84 /* MethodDescription.swift */ = {isa = PBXFileReference; lastKnownFileType = sourcecode.swift; path = MethodDescription.swift; sourceTree = "<group>"; };
		OBJ_85 /* ModuleDependency.swift */ = {isa = PBXFileReference; lastKnownFileType = sourcecode.swift; path = ModuleDependency.swift; sourceTree = "<group>"; };
		OBJ_86 /* PropertyDescription.swift */ = {isa = PBXFileReference; lastKnownFileType = sourcecode.swift; path = PropertyDescription.swift; sourceTree = "<group>"; };
		OBJ_87 /* ProtocolDescription.swift */ = {isa = PBXFileReference; lastKnownFileType = sourcecode.swift; path = ProtocolDescription.swift; sourceTree = "<group>"; };
		OBJ_88 /* Visibility.swift */ = {isa = PBXFileReference; lastKnownFileType = sourcecode.swift; path = Visibility.swift; sourceTree = "<group>"; };
		OBJ_9 /* FileDocumentationBuilder.swift */ = {isa = PBXFileReference; lastKnownFileType = sourcecode.swift; path = FileDocumentationBuilder.swift; sourceTree = "<group>"; };
		OBJ_90 /* ClassPropertyWriter.swift */ = {isa = PBXFileReference; lastKnownFileType = sourcecode.swift; path = ClassPropertyWriter.swift; sourceTree = "<group>"; };
		OBJ_91 /* ClassWriter.swift */ = {isa = PBXFileReference; lastKnownFileType = sourcecode.swift; path = ClassWriter.swift; sourceTree = "<group>"; };
		OBJ_92 /* DocumentationWriter.swift */ = {isa = PBXFileReference; lastKnownFileType = sourcecode.swift; path = DocumentationWriter.swift; sourceTree = "<group>"; };
		OBJ_93 /* EnumWriter.swift */ = {isa = PBXFileReference; lastKnownFileType = sourcecode.swift; path = EnumWriter.swift; sourceTree = "<group>"; };
		OBJ_94 /* ExtensionWriter.swift */ = {isa = PBXFileReference; lastKnownFileType = sourcecode.swift; path = ExtensionWriter.swift; sourceTree = "<group>"; };
		OBJ_95 /* FileWriter.swift */ = {isa = PBXFileReference; lastKnownFileType = sourcecode.swift; path = FileWriter.swift; sourceTree = "<group>"; };
		OBJ_96 /* InitializerWriter.swift */ = {isa = PBXFileReference; lastKnownFileType = sourcecode.swift; path = InitializerWriter.swift; sourceTree = "<group>"; };
		OBJ_97 /* MethodWriter.swift */ = {isa = PBXFileReference; lastKnownFileType = sourcecode.swift; path = MethodWriter.swift; sourceTree = "<group>"; };
		OBJ_98 /* ProtocolPropertyWriter.swift */ = {isa = PBXFileReference; lastKnownFileType = sourcecode.swift; path = ProtocolPropertyWriter.swift; sourceTree = "<group>"; };
		OBJ_99 /* ProtocolWriter.swift */ = {isa = PBXFileReference; lastKnownFileType = sourcecode.swift; path = ProtocolWriter.swift; sourceTree = "<group>"; };
		"PolymorphCore::PolymorphCore::Product" /* PolymorphCore.framework */ = {isa = PBXFileReference; explicitFileType = wrapper.framework; path = PolymorphCore.framework; sourceTree = BUILT_PRODUCTS_DIR; };
		"PolymorphGen::PolymorphGen::Product" /* PolymorphGen.framework */ = {isa = PBXFileReference; explicitFileType = wrapper.framework; path = PolymorphGen.framework; sourceTree = BUILT_PRODUCTS_DIR; };
		"PolymorphSwiftGen::PolymorphSwiftGen::Product" /* PolymorphSwiftGen.framework */ = {isa = PBXFileReference; lastKnownFileType = wrapper.framework; path = PolymorphSwiftGen.framework; sourceTree = BUILT_PRODUCTS_DIR; };
		"PolymorphSwiftGen::PolymorphSwiftGenTests::Product" /* PolymorphSwiftGenTests.xctest */ = {isa = PBXFileReference; lastKnownFileType = file; path = PolymorphSwiftGenTests.xctest; sourceTree = BUILT_PRODUCTS_DIR; };
		"StringCase::StringCase::Product" /* StringCase.framework */ = {isa = PBXFileReference; explicitFileType = wrapper.framework; path = StringCase.framework; sourceTree = BUILT_PRODUCTS_DIR; };
		"SwiftCodeWriter::SwiftCodeWriter::Product" /* SwiftCodeWriter.framework */ = {isa = PBXFileReference; explicitFileType = wrapper.framework; path = SwiftCodeWriter.framework; sourceTree = BUILT_PRODUCTS_DIR; };
/* End PBXFileReference section */

/* Begin PBXFrameworksBuildPhase section */
		OBJ_189 /* Frameworks */ = {
			isa = PBXFrameworksBuildPhase;
			buildActionMask = 0;
			files = (
				OBJ_190 /* PolymorphSwiftGen.framework in Frameworks */,
				OBJ_191 /* SwiftCodeWriter.framework in Frameworks */,
				OBJ_192 /* CodeWriter.framework in Frameworks */,
				OBJ_193 /* PolymorphGen.framework in Frameworks */,
				OBJ_194 /* PolymorphCore.framework in Frameworks */,
				OBJ_195 /* StringCase.framework in Frameworks */,
			);
			runOnlyForDeploymentPostprocessing = 0;
		};
		OBJ_252 /* Frameworks */ = {
			isa = PBXFrameworksBuildPhase;
			buildActionMask = 0;
			files = (
				OBJ_253 /* SwiftCodeWriter.framework in Frameworks */,
				OBJ_254 /* CodeWriter.framework in Frameworks */,
				OBJ_255 /* PolymorphGen.framework in Frameworks */,
				OBJ_256 /* PolymorphCore.framework in Frameworks */,
				OBJ_257 /* StringCase.framework in Frameworks */,
			);
			runOnlyForDeploymentPostprocessing = 0;
		};
		OBJ_287 /* Frameworks */ = {
			isa = PBXFrameworksBuildPhase;
			buildActionMask = 0;
			files = (
				OBJ_288 /* CodeWriter.framework in Frameworks */,
			);
			runOnlyForDeploymentPostprocessing = 0;
		};
		OBJ_296 /* Frameworks */ = {
			isa = PBXFrameworksBuildPhase;
			buildActionMask = 0;
			files = (
			);
			runOnlyForDeploymentPostprocessing = 0;
		};
		OBJ_307 /* Frameworks */ = {
			isa = PBXFrameworksBuildPhase;
			buildActionMask = 0;
			files = (
				OBJ_308 /* PolymorphCore.framework in Frameworks */,
				OBJ_309 /* StringCase.framework in Frameworks */,
			);
			runOnlyForDeploymentPostprocessing = 0;
		};
		OBJ_332 /* Frameworks */ = {
			isa = PBXFrameworksBuildPhase;
			buildActionMask = 0;
			files = (
				OBJ_333 /* StringCase.framework in Frameworks */,
			);
			runOnlyForDeploymentPostprocessing = 0;
		};
		OBJ_340 /* Frameworks */ = {
			isa = PBXFrameworksBuildPhase;
			buildActionMask = 0;
			files = (
			);
			runOnlyForDeploymentPostprocessing = 0;
		};
/* End PBXFrameworksBuildPhase section */

/* Begin PBXGroup section */
		A32540841F9E12A40026FE4F /* Default */ = {
			isa = PBXGroup;
			children = (
				A32540851F9E12B90026FE4F /* DefaultEnumDescriptionBuilder.swift */,
			);
			path = Default;
			sourceTree = "<group>";
		};
		OBJ_101 /* CodeWriter */ = {
			isa = PBXGroup;
			children = (
				OBJ_102 /* CodeWriter */,
				OBJ_105 /* Package.swift */,
			);
			name = CodeWriter;
			sourceTree = SOURCE_ROOT;
		};
		OBJ_102 /* CodeWriter */ = {
			isa = PBXGroup;
			children = (
				OBJ_103 /* CodeBuilder.swift */,
				OBJ_104 /* CodeWriter.swift */,
			);
			name = CodeWriter;
			path = ".build/checkouts/code-writer.git-1075204726891225523/Sources/CodeWriter";
			sourceTree = SOURCE_ROOT;
		};
		OBJ_106 /* PolymorphGen */ = {
			isa = PBXGroup;
			children = (
				OBJ_107 /* PolymorphGen */,
				OBJ_115 /* Package.swift */,
			);
			name = PolymorphGen;
			sourceTree = SOURCE_ROOT;
		};
		OBJ_107 /* PolymorphGen */ = {
			isa = PBXGroup;
			children = (
				OBJ_108 /* Builders */,
				OBJ_111 /* Dir.swift */,
				OBJ_112 /* File.swift */,
				OBJ_113 /* PlatformGen.swift */,
				OBJ_114 /* PolymorphGen.swift */,
			);
			name = PolymorphGen;
			path = ".build/checkouts/polymorph-gen.git--7423296246049010527/Sources/PolymorphGen";
			sourceTree = SOURCE_ROOT;
		};
		OBJ_108 /* Builders */ = {
			isa = PBXGroup;
			children = (
				OBJ_109 /* ClassFileBuilder.swift */,
				OBJ_110 /* EnumFileBuilder.swift */,
			);
			path = Builders;
			sourceTree = "<group>";
		};
		OBJ_11 /* Models */ = {
			isa = PBXGroup;
			children = (
				OBJ_12 /* Classes */,
				OBJ_57 /* Enums */,
				OBJ_62 /* SwiftClassFileBuilderManager.swift */,
			);
			path = Models;
			sourceTree = "<group>";
		};
		OBJ_116 /* PolymorphCore */ = {
			isa = PBXGroup;
			children = (
				OBJ_117 /* PolymorphCore */,
				OBJ_134 /* Package.swift */,
			);
			name = PolymorphCore;
			sourceTree = SOURCE_ROOT;
		};
		OBJ_117 /* PolymorphCore */ = {
			isa = PBXGroup;
			children = (
				OBJ_118 /* Class.swift */,
				OBJ_119 /* Documentable.swift */,
				OBJ_120 /* Enum.swift */,
				OBJ_121 /* Member.swift */,
				OBJ_122 /* Models.swift */,
				OBJ_123 /* Native.swift */,
				OBJ_124 /* NativeFactory.swift */,
				OBJ_125 /* Object.swift */,
				OBJ_126 /* Package.swift */,
				OBJ_127 /* Packageable.swift */,
				OBJ_128 /* Polymorph.swift */,
				OBJ_129 /* PolymorphCoreError.swift */,
				OBJ_130 /* Project.swift */,
				OBJ_131 /* Property.swift */,
				OBJ_132 /* Transformer.swift */,
				OBJ_133 /* TransformerFactory.swift */,
			);
			name = PolymorphCore;
			path = ".build/checkouts/polymorph-core.git--5734409288504177711/Sources/PolymorphCore";
			sourceTree = SOURCE_ROOT;
		};
		OBJ_12 /* Classes */ = {
			isa = PBXGroup;
			children = (
				OBJ_13 /* Builders */,
				OBJ_48 /* Definitions */,
				OBJ_54 /* Implementations */,
			);
			path = Classes;
			sourceTree = "<group>";
		};
		OBJ_13 /* Builders */ = {
			isa = PBXGroup;
			children = (
				OBJ_14 /* ClassDescriptionBuilder.swift */,
				OBJ_15 /* ClassExtensionDescriptionBuilder.swift */,
				OBJ_16 /* ClassInitializerDescriptionBuilder.swift */,
				OBJ_17 /* ClassMethodDescriptionBuilder.swift */,
				OBJ_18 /* ClassPropertyDescriptionBuilder.swift */,
				OBJ_19 /* Default */,
				OBJ_33 /* ObjectMapper */,
				OBJ_47 /* ProtocolDescriptionBuilder.swift */,
			);
			path = Builders;
			sourceTree = "<group>";
		};
		OBJ_135 /* StringCase */ = {
			isa = PBXGroup;
			children = (
				OBJ_136 /* StringCase */,
				OBJ_138 /* Package.swift */,
			);
			name = StringCase;
			sourceTree = SOURCE_ROOT;
		};
		OBJ_136 /* StringCase */ = {
			isa = PBXGroup;
			children = (
				OBJ_137 /* StringCase.swift */,
			);
			name = StringCase;
			path = ".build/checkouts/string-case-swift.git--1212291596022844212/Sources/StringCase";
			sourceTree = SOURCE_ROOT;
		};
		OBJ_139 /* Products */ = {
			isa = PBXGroup;
			children = (
				"PolymorphSwiftGen::PolymorphSwiftGenTests::Product" /* PolymorphSwiftGenTests.xctest */,
				"PolymorphSwiftGen::PolymorphSwiftGen::Product" /* PolymorphSwiftGen.framework */,
				"SwiftCodeWriter::SwiftCodeWriter::Product" /* SwiftCodeWriter.framework */,
				"CodeWriter::CodeWriter::Product" /* CodeWriter.framework */,
				"PolymorphGen::PolymorphGen::Product" /* PolymorphGen.framework */,
				"PolymorphCore::PolymorphCore::Product" /* PolymorphCore.framework */,
				"StringCase::StringCase::Product" /* StringCase.framework */,
			);
			name = Products;
			sourceTree = BUILT_PRODUCTS_DIR;
		};
		OBJ_19 /* Default */ = {
			isa = PBXGroup;
			children = (
				OBJ_20 /* DefaultClassDescriptionBuilder.swift */,
				OBJ_21 /* DefaultProtocolDescriptionBuilder.swift */,
				OBJ_22 /* Extensions */,
				OBJ_24 /* HashableClassDescriptionBuilder.swift */,
				OBJ_25 /* Initializers */,
				OBJ_27 /* Methods */,
				OBJ_31 /* Properties */,
			);
			path = Default;
			sourceTree = "<group>";
		};
		OBJ_22 /* Extensions */ = {
			isa = PBXGroup;
			children = (
				OBJ_23 /* CustomStringConvertibleClassExtensionDescriptionBuilder.swift */,
			);
			path = Extensions;
			sourceTree = "<group>";
		};
		OBJ_25 /* Initializers */ = {
			isa = PBXGroup;
			children = (
				OBJ_26 /* DefaultClassInitializerDescriptionBuilder.swift */,
			);
			path = Initializers;
			sourceTree = "<group>";
		};
		OBJ_27 /* Methods */ = {
			isa = PBXGroup;
			children = (
				OBJ_28 /* ArrayEqualsClassMethodDescriptionBuilder.swift */,
				OBJ_29 /* EqualsClassMethodDescriptionBuilder.swift */,
				OBJ_30 /* NotEqualsClassMethodDescriptionBuilder.swift */,
			);
			path = Methods;
			sourceTree = "<group>";
		};
		OBJ_31 /* Properties */ = {
			isa = PBXGroup;
			children = (
				OBJ_32 /* DefaultClassPropertyDescriptionBuilder.swift */,
			);
			path = Properties;
			sourceTree = "<group>";
		};
		OBJ_33 /* ObjectMapper */ = {
			isa = PBXGroup;
			children = (
				OBJ_34 /* Initializers */,
				OBJ_36 /* Methods */,
				OBJ_38 /* ObjectMapperClassDescriptionBuilder.swift */,
				OBJ_39 /* ObjectMapperProtocolDescriptionBuilder.swift */,
				OBJ_40 /* Properties */,
			);
			path = ObjectMapper;
			sourceTree = "<group>";
		};
		OBJ_34 /* Initializers */ = {
			isa = PBXGroup;
			children = (
				OBJ_35 /* ObjectMapperClassInitializerDescriptionBuilder.swift */,
			);
			path = Initializers;
			sourceTree = "<group>";
		};
		OBJ_36 /* Methods */ = {
			isa = PBXGroup;
			children = (
				OBJ_37 /* ObjectMapperMappingClassMethodDescriptionBuilder.swift */,
			);
			path = Methods;
			sourceTree = "<group>";
		};
		OBJ_40 /* Properties */ = {
			isa = PBXGroup;
			children = (
				OBJ_41 /* ObjectMapperTransformerClassPropertyDescriptionBuilder.swift */,
				OBJ_42 /* ObjectMapperTransformerMethodInfoBuilder.swift */,
				OBJ_43 /* ObjectMapperTransformerMethodInfoBuilderRegistry.swift */,
				OBJ_44 /* Transformers */,
			);
			path = Properties;
			sourceTree = "<group>";
		};
		OBJ_44 /* Transformers */ = {
			isa = PBXGroup;
			children = (
				OBJ_45 /* DateObjectMapperTransformerMethodInfoBuilder.swift */,
				OBJ_46 /* TimestampObjectMapperTransformerMethodInfoBuilder.swift */,
			);
			path = Transformers;
			sourceTree = "<group>";
		};
		OBJ_48 /* Definitions */ = {
			isa = PBXGroup;
			children = (
				OBJ_49 /* ClassDefinitionFileBuilder.swift */,
				OBJ_50 /* Default */,
				OBJ_52 /* Interfaces */,
			);
			path = Definitions;
			sourceTree = "<group>";
		};
		OBJ_5 /*  */ = {
			isa = PBXGroup;
			children = (
				OBJ_6 /* Package.swift */,
				OBJ_7 /* Sources */,
				OBJ_71 /* Tests */,
				OBJ_74 /* DerivedData */,
				OBJ_75 /* Dependencies */,
				OBJ_139 /* Products */,
			);
			name = "";
			sourceTree = "<group>";
		};
		OBJ_50 /* Default */ = {
			isa = PBXGroup;
			children = (
				OBJ_51 /* DefaultDefinitionClassFileBuilder.swift */,
			);
			path = Default;
			sourceTree = "<group>";
		};
		OBJ_52 /* Interfaces */ = {
			isa = PBXGroup;
			children = (
				OBJ_53 /* InterfaceDefinitionClassFileBuilder.swift */,
			);
			path = Interfaces;
			sourceTree = "<group>";
		};
		OBJ_54 /* Implementations */ = {
			isa = PBXGroup;
			children = (
				OBJ_55 /* DependencyModuleClassFileBuilder.swift */,
				OBJ_56 /* ImplementationClassFileBuilder.swift */,
			);
			path = Implementations;
			sourceTree = "<group>";
		};
		OBJ_57 /* Enums */ = {
			isa = PBXGroup;
			children = (
				OBJ_58 /* Builders */,
				OBJ_60 /* Definitions */,
			);
			path = Enums;
			sourceTree = "<group>";
		};
		OBJ_58 /* Builders */ = {
			isa = PBXGroup;
			children = (
				OBJ_59 /* EnumDescriptionBuilder.swift */,
				A32540841F9E12A40026FE4F /* Default */,
			);
			path = Builders;
			sourceTree = "<group>";
		};
		OBJ_60 /* Definitions */ = {
			isa = PBXGroup;
			children = (
				OBJ_61 /* EnumDefinitionFileBuilder.swift */,
			);
			path = Definitions;
			sourceTree = "<group>";
		};
		OBJ_63 /* Platform */ = {
			isa = PBXGroup;
			children = (
				OBJ_64 /* Framework.swift */,
				OBJ_65 /* Frameworks */,
				OBJ_68 /* Mapping.swift */,
			);
			path = Platform;
			sourceTree = "<group>";
		};
		OBJ_65 /* Frameworks */ = {
			isa = PBXGroup;
			children = (
				OBJ_66 /* FoundationFramework.swift */,
				OBJ_67 /* UIKitFramework.swift */,
			);
			path = Frameworks;
			sourceTree = "<group>";
		};
		OBJ_7 /* Sources */ = {
			isa = PBXGroup;
			children = (
				OBJ_8 /* PolymorphSwiftGen */,
			);
			name = Sources;
			sourceTree = SOURCE_ROOT;
		};
		OBJ_71 /* Tests */ = {
			isa = PBXGroup;
			children = (
				OBJ_72 /* PolymorphSwiftGenTests */,
			);
			name = Tests;
			sourceTree = SOURCE_ROOT;
		};
		OBJ_72 /* PolymorphSwiftGenTests */ = {
			isa = PBXGroup;
			children = (
				OBJ_73 /* PolymorphSwiftGenTests.swift */,
			);
			name = PolymorphSwiftGenTests;
			path = Tests/PolymorphSwiftGenTests;
			sourceTree = SOURCE_ROOT;
		};
		OBJ_75 /* Dependencies */ = {
			isa = PBXGroup;
			children = (
				OBJ_76 /* SwiftCodeWriter */,
				OBJ_101 /* CodeWriter */,
				OBJ_106 /* PolymorphGen */,
				OBJ_116 /* PolymorphCore */,
				OBJ_135 /* StringCase */,
			);
			name = Dependencies;
			sourceTree = "<group>";
		};
		OBJ_76 /* SwiftCodeWriter */ = {
			isa = PBXGroup;
			children = (
				OBJ_77 /* SwiftCodeWriter */,
				OBJ_100 /* Package.swift */,
			);
			name = SwiftCodeWriter;
			sourceTree = SOURCE_ROOT;
		};
		OBJ_77 /* SwiftCodeWriter */ = {
			isa = PBXGroup;
			children = (
				OBJ_78 /* Descriptions */,
				OBJ_89 /* Writers */,
			);
			name = SwiftCodeWriter;
			path = ".build/checkouts/swift-code-writer.git-7499395208535419347/Sources/SwiftCodeWriter";
			sourceTree = SOURCE_ROOT;
		};
		OBJ_78 /* Descriptions */ = {
			isa = PBXGroup;
			children = (
				OBJ_79 /* ClassDescription.swift */,
				OBJ_80 /* EnumDescription.swift */,
				OBJ_81 /* ExtensionDescription.swift */,
				OBJ_82 /* FileDescription.swift */,
				OBJ_83 /* InitializerDescription.swift */,
				OBJ_84 /* MethodDescription.swift */,
				OBJ_85 /* ModuleDependency.swift */,
				OBJ_86 /* PropertyDescription.swift */,
				OBJ_87 /* ProtocolDescription.swift */,
				OBJ_88 /* Visibility.swift */,
			);
			path = Descriptions;
			sourceTree = "<group>";
		};
		OBJ_8 /* PolymorphSwiftGen */ = {
			isa = PBXGroup;
			children = (
				OBJ_9 /* FileDocumentationBuilder.swift */,
				OBJ_10 /* FilePath.swift */,
				OBJ_11 /* Models */,
				OBJ_63 /* Platform */,
				OBJ_69 /* PolymorphSwiftGenError.swift */,
				OBJ_70 /* SwiftPlatformGen.swift */,
			);
			name = PolymorphSwiftGen;
			path = Sources/PolymorphSwiftGen;
			sourceTree = SOURCE_ROOT;
		};
		OBJ_89 /* Writers */ = {
			isa = PBXGroup;
			children = (
				OBJ_90 /* ClassPropertyWriter.swift */,
				OBJ_91 /* ClassWriter.swift */,
				OBJ_92 /* DocumentationWriter.swift */,
				OBJ_93 /* EnumWriter.swift */,
				OBJ_94 /* ExtensionWriter.swift */,
				OBJ_95 /* FileWriter.swift */,
				OBJ_96 /* InitializerWriter.swift */,
				OBJ_97 /* MethodWriter.swift */,
				OBJ_98 /* ProtocolPropertyWriter.swift */,
				OBJ_99 /* ProtocolWriter.swift */,
			);
			path = Writers;
			sourceTree = "<group>";
		};
/* End PBXGroup section */

/* Begin PBXNativeTarget section */
		"CodeWriter::CodeWriter" /* CodeWriter */ = {
			isa = PBXNativeTarget;
			buildConfigurationList = OBJ_290 /* Build configuration list for PBXNativeTarget "CodeWriter" */;
			buildPhases = (
				OBJ_293 /* Sources */,
				OBJ_296 /* Frameworks */,
			);
			buildRules = (
			);
			dependencies = (
			);
			name = CodeWriter;
			productName = CodeWriter;
			productReference = "CodeWriter::CodeWriter::Product" /* CodeWriter.framework */;
			productType = "com.apple.product-type.framework";
		};
		"CodeWriter::SwiftPMPackageDescription" /* CodeWriterPackageDescription */ = {
			isa = PBXNativeTarget;
			buildConfigurationList = OBJ_160 /* Build configuration list for PBXNativeTarget "CodeWriterPackageDescription" */;
			buildPhases = (
				OBJ_163 /* Sources */,
			);
			buildRules = (
			);
			dependencies = (
			);
			name = CodeWriterPackageDescription;
			productName = CodeWriterPackageDescription;
			productType = "com.apple.product-type.framework";
		};
		"PolymorphCore::PolymorphCore" /* PolymorphCore */ = {
			isa = PBXNativeTarget;
			buildConfigurationList = OBJ_312 /* Build configuration list for PBXNativeTarget "PolymorphCore" */;
			buildPhases = (
				OBJ_315 /* Sources */,
				OBJ_332 /* Frameworks */,
			);
			buildRules = (
			);
			dependencies = (
				OBJ_334 /* PBXTargetDependency */,
			);
			name = PolymorphCore;
			productName = PolymorphCore;
			productReference = "PolymorphCore::PolymorphCore::Product" /* PolymorphCore.framework */;
			productType = "com.apple.product-type.framework";
		};
		"PolymorphCore::SwiftPMPackageDescription" /* PolymorphCorePackageDescription */ = {
			isa = PBXNativeTarget;
			buildConfigurationList = OBJ_172 /* Build configuration list for PBXNativeTarget "PolymorphCorePackageDescription" */;
			buildPhases = (
				OBJ_175 /* Sources */,
			);
			buildRules = (
			);
			dependencies = (
			);
			name = PolymorphCorePackageDescription;
			productName = PolymorphCorePackageDescription;
			productType = "com.apple.product-type.framework";
		};
		"PolymorphGen::PolymorphGen" /* PolymorphGen */ = {
			isa = PBXNativeTarget;
			buildConfigurationList = OBJ_297 /* Build configuration list for PBXNativeTarget "PolymorphGen" */;
			buildPhases = (
				OBJ_300 /* Sources */,
				OBJ_307 /* Frameworks */,
			);
			buildRules = (
			);
			dependencies = (
				OBJ_310 /* PBXTargetDependency */,
				OBJ_311 /* PBXTargetDependency */,
			);
			name = PolymorphGen;
			productName = PolymorphGen;
			productReference = "PolymorphGen::PolymorphGen::Product" /* PolymorphGen.framework */;
			productType = "com.apple.product-type.framework";
		};
		"PolymorphGen::SwiftPMPackageDescription" /* PolymorphGenPackageDescription */ = {
			isa = PBXNativeTarget;
			buildConfigurationList = OBJ_166 /* Build configuration list for PBXNativeTarget "PolymorphGenPackageDescription" */;
			buildPhases = (
				OBJ_169 /* Sources */,
			);
			buildRules = (
			);
			dependencies = (
			);
			name = PolymorphGenPackageDescription;
			productName = PolymorphGenPackageDescription;
			productType = "com.apple.product-type.framework";
		};
		"PolymorphSwiftGen::PolymorphSwiftGen" /* PolymorphSwiftGen */ = {
			isa = PBXNativeTarget;
			buildConfigurationList = OBJ_208 /* Build configuration list for PBXNativeTarget "PolymorphSwiftGen" */;
			buildPhases = (
				OBJ_211 /* Sources */,
				OBJ_252 /* Frameworks */,
			);
			buildRules = (
			);
			dependencies = (
				OBJ_258 /* PBXTargetDependency */,
				OBJ_259 /* PBXTargetDependency */,
				OBJ_260 /* PBXTargetDependency */,
				OBJ_261 /* PBXTargetDependency */,
				OBJ_262 /* PBXTargetDependency */,
			);
			name = PolymorphSwiftGen;
			productName = PolymorphSwiftGen;
			productReference = "PolymorphSwiftGen::PolymorphSwiftGen::Product" /* PolymorphSwiftGen.framework */;
			productType = "com.apple.product-type.framework";
		};
		"PolymorphSwiftGen::PolymorphSwiftGenTests" /* PolymorphSwiftGenTests */ = {
			isa = PBXNativeTarget;
			buildConfigurationList = OBJ_184 /* Build configuration list for PBXNativeTarget "PolymorphSwiftGenTests" */;
			buildPhases = (
				OBJ_187 /* Sources */,
				OBJ_189 /* Frameworks */,
			);
			buildRules = (
			);
			dependencies = (
				OBJ_196 /* PBXTargetDependency */,
				OBJ_198 /* PBXTargetDependency */,
				OBJ_200 /* PBXTargetDependency */,
				OBJ_202 /* PBXTargetDependency */,
				OBJ_204 /* PBXTargetDependency */,
				OBJ_206 /* PBXTargetDependency */,
			);
			name = PolymorphSwiftGenTests;
			productName = PolymorphSwiftGenTests;
			productReference = "PolymorphSwiftGen::PolymorphSwiftGenTests::Product" /* PolymorphSwiftGenTests.xctest */;
			productType = "com.apple.product-type.bundle.unit-test";
		};
		"PolymorphSwiftGen::SwiftPMPackageDescription" /* PolymorphSwiftGenPackageDescription */ = {
			isa = PBXNativeTarget;
			buildConfigurationList = OBJ_148 /* Build configuration list for PBXNativeTarget "PolymorphSwiftGenPackageDescription" */;
			buildPhases = (
				OBJ_151 /* Sources */,
			);
			buildRules = (
			);
			dependencies = (
			);
			name = PolymorphSwiftGenPackageDescription;
			productName = PolymorphSwiftGenPackageDescription;
			productType = "com.apple.product-type.framework";
		};
		"StringCase::StringCase" /* StringCase */ = {
			isa = PBXNativeTarget;
			buildConfigurationList = OBJ_335 /* Build configuration list for PBXNativeTarget "StringCase" */;
			buildPhases = (
				OBJ_338 /* Sources */,
				OBJ_340 /* Frameworks */,
			);
			buildRules = (
			);
			dependencies = (
			);
			name = StringCase;
			productName = StringCase;
			productReference = "StringCase::StringCase::Product" /* StringCase.framework */;
			productType = "com.apple.product-type.framework";
		};
		"StringCase::SwiftPMPackageDescription" /* StringCasePackageDescription */ = {
			isa = PBXNativeTarget;
			buildConfigurationList = OBJ_178 /* Build configuration list for PBXNativeTarget "StringCasePackageDescription" */;
			buildPhases = (
				OBJ_181 /* Sources */,
			);
			buildRules = (
			);
			dependencies = (
			);
			name = StringCasePackageDescription;
			productName = StringCasePackageDescription;
			productType = "com.apple.product-type.framework";
		};
		"SwiftCodeWriter::SwiftCodeWriter" /* SwiftCodeWriter */ = {
			isa = PBXNativeTarget;
			buildConfigurationList = OBJ_263 /* Build configuration list for PBXNativeTarget "SwiftCodeWriter" */;
			buildPhases = (
				OBJ_266 /* Sources */,
				OBJ_287 /* Frameworks */,
			);
			buildRules = (
			);
			dependencies = (
				OBJ_289 /* PBXTargetDependency */,
			);
			name = SwiftCodeWriter;
			productName = SwiftCodeWriter;
			productReference = "SwiftCodeWriter::SwiftCodeWriter::Product" /* SwiftCodeWriter.framework */;
			productType = "com.apple.product-type.framework";
		};
		"SwiftCodeWriter::SwiftPMPackageDescription" /* SwiftCodeWriterPackageDescription */ = {
			isa = PBXNativeTarget;
			buildConfigurationList = OBJ_154 /* Build configuration list for PBXNativeTarget "SwiftCodeWriterPackageDescription" */;
			buildPhases = (
				OBJ_157 /* Sources */,
			);
			buildRules = (
			);
			dependencies = (
			);
			name = SwiftCodeWriterPackageDescription;
			productName = SwiftCodeWriterPackageDescription;
			productType = "com.apple.product-type.framework";
		};
/* End PBXNativeTarget section */

/* Begin PBXProject section */
		OBJ_1 /* Project object */ = {
			isa = PBXProject;
			attributes = {
				LastUpgradeCheck = 9999;
			};
			buildConfigurationList = OBJ_2 /* Build configuration list for PBXProject "PolymorphSwiftGen" */;
			compatibilityVersion = "Xcode 3.2";
			developmentRegion = English;
			hasScannedForEncodings = 0;
			knownRegions = (
				en,
			);
			mainGroup = OBJ_5 /*  */;
			productRefGroup = OBJ_139 /* Products */;
			projectDirPath = "";
			projectRoot = "";
			targets = (
				"PolymorphSwiftGen::SwiftPMPackageDescription" /* PolymorphSwiftGenPackageDescription */,
				"SwiftCodeWriter::SwiftPMPackageDescription" /* SwiftCodeWriterPackageDescription */,
				"CodeWriter::SwiftPMPackageDescription" /* CodeWriterPackageDescription */,
				"PolymorphGen::SwiftPMPackageDescription" /* PolymorphGenPackageDescription */,
				"PolymorphCore::SwiftPMPackageDescription" /* PolymorphCorePackageDescription */,
				"StringCase::SwiftPMPackageDescription" /* StringCasePackageDescription */,
				"PolymorphSwiftGen::PolymorphSwiftGenTests" /* PolymorphSwiftGenTests */,
				"PolymorphSwiftGen::PolymorphSwiftGen" /* PolymorphSwiftGen */,
				"SwiftCodeWriter::SwiftCodeWriter" /* SwiftCodeWriter */,
				"CodeWriter::CodeWriter" /* CodeWriter */,
				"PolymorphGen::PolymorphGen" /* PolymorphGen */,
				"PolymorphCore::PolymorphCore" /* PolymorphCore */,
				"StringCase::StringCase" /* StringCase */,
				"PolymorphSwiftGen::PolymorphSwiftGenPackageTests::ProductTarget" /* PolymorphSwiftGenPackageTests */,
			);
		};
/* End PBXProject section */

/* Begin PBXSourcesBuildPhase section */
		OBJ_151 /* Sources */ = {
			isa = PBXSourcesBuildPhase;
			buildActionMask = 0;
			files = (
				OBJ_152 /* Package.swift in Sources */,
			);
			runOnlyForDeploymentPostprocessing = 0;
		};
		OBJ_157 /* Sources */ = {
			isa = PBXSourcesBuildPhase;
			buildActionMask = 0;
			files = (
				OBJ_158 /* Package.swift in Sources */,
			);
			runOnlyForDeploymentPostprocessing = 0;
		};
		OBJ_163 /* Sources */ = {
			isa = PBXSourcesBuildPhase;
			buildActionMask = 0;
			files = (
				OBJ_164 /* Package.swift in Sources */,
			);
			runOnlyForDeploymentPostprocessing = 0;
		};
		OBJ_169 /* Sources */ = {
			isa = PBXSourcesBuildPhase;
			buildActionMask = 0;
			files = (
				OBJ_170 /* Package.swift in Sources */,
			);
			runOnlyForDeploymentPostprocessing = 0;
		};
		OBJ_175 /* Sources */ = {
			isa = PBXSourcesBuildPhase;
			buildActionMask = 0;
			files = (
				OBJ_176 /* Package.swift in Sources */,
			);
			runOnlyForDeploymentPostprocessing = 0;
		};
		OBJ_181 /* Sources */ = {
			isa = PBXSourcesBuildPhase;
			buildActionMask = 0;
			files = (
				OBJ_182 /* Package.swift in Sources */,
			);
			runOnlyForDeploymentPostprocessing = 0;
		};
		OBJ_187 /* Sources */ = {
			isa = PBXSourcesBuildPhase;
			buildActionMask = 0;
			files = (
				OBJ_188 /* PolymorphSwiftGenTests.swift in Sources */,
			);
			runOnlyForDeploymentPostprocessing = 0;
		};
		OBJ_211 /* Sources */ = {
			isa = PBXSourcesBuildPhase;
			buildActionMask = 0;
			files = (
				OBJ_212 /* FileDocumentationBuilder.swift in Sources */,
				OBJ_213 /* FilePath.swift in Sources */,
				OBJ_214 /* ClassDescriptionBuilder.swift in Sources */,
				OBJ_215 /* ClassExtensionDescriptionBuilder.swift in Sources */,
				OBJ_216 /* ClassInitializerDescriptionBuilder.swift in Sources */,
				OBJ_217 /* ClassMethodDescriptionBuilder.swift in Sources */,
				OBJ_218 /* ClassPropertyDescriptionBuilder.swift in Sources */,
				OBJ_219 /* DefaultClassDescriptionBuilder.swift in Sources */,
				OBJ_220 /* DefaultProtocolDescriptionBuilder.swift in Sources */,
				OBJ_221 /* CustomStringConvertibleClassExtensionDescriptionBuilder.swift in Sources */,
				OBJ_222 /* HashableClassDescriptionBuilder.swift in Sources */,
				OBJ_223 /* DefaultClassInitializerDescriptionBuilder.swift in Sources */,
				OBJ_224 /* ArrayEqualsClassMethodDescriptionBuilder.swift in Sources */,
				OBJ_225 /* EqualsClassMethodDescriptionBuilder.swift in Sources */,
				OBJ_226 /* NotEqualsClassMethodDescriptionBuilder.swift in Sources */,
				OBJ_227 /* DefaultClassPropertyDescriptionBuilder.swift in Sources */,
				OBJ_228 /* ObjectMapperClassInitializerDescriptionBuilder.swift in Sources */,
				OBJ_229 /* ObjectMapperMappingClassMethodDescriptionBuilder.swift in Sources */,
				OBJ_230 /* ObjectMapperClassDescriptionBuilder.swift in Sources */,
				OBJ_231 /* ObjectMapperProtocolDescriptionBuilder.swift in Sources */,
				OBJ_232 /* ObjectMapperTransformerClassPropertyDescriptionBuilder.swift in Sources */,
				OBJ_233 /* ObjectMapperTransformerMethodInfoBuilder.swift in Sources */,
				OBJ_234 /* ObjectMapperTransformerMethodInfoBuilderRegistry.swift in Sources */,
				OBJ_235 /* DateObjectMapperTransformerMethodInfoBuilder.swift in Sources */,
				A32540861F9E12B90026FE4F /* DefaultEnumDescriptionBuilder.swift in Sources */,
				OBJ_236 /* TimestampObjectMapperTransformerMethodInfoBuilder.swift in Sources */,
				OBJ_237 /* ProtocolDescriptionBuilder.swift in Sources */,
				OBJ_238 /* ClassDefinitionFileBuilder.swift in Sources */,
				OBJ_239 /* DefaultDefinitionClassFileBuilder.swift in Sources */,
				OBJ_240 /* InterfaceDefinitionClassFileBuilder.swift in Sources */,
				OBJ_241 /* DependencyModuleClassFileBuilder.swift in Sources */,
				OBJ_242 /* ImplementationClassFileBuilder.swift in Sources */,
				OBJ_243 /* EnumDescriptionBuilder.swift in Sources */,
				OBJ_244 /* EnumDefinitionFileBuilder.swift in Sources */,
				OBJ_245 /* SwiftClassFileBuilderManager.swift in Sources */,
				OBJ_246 /* Framework.swift in Sources */,
				OBJ_247 /* FoundationFramework.swift in Sources */,
				OBJ_248 /* UIKitFramework.swift in Sources */,
				OBJ_249 /* Mapping.swift in Sources */,
				OBJ_250 /* PolymorphSwiftGenError.swift in Sources */,
				OBJ_251 /* SwiftPlatformGen.swift in Sources */,
			);
			runOnlyForDeploymentPostprocessing = 0;
		};
		OBJ_266 /* Sources */ = {
			isa = PBXSourcesBuildPhase;
			buildActionMask = 0;
			files = (
				OBJ_267 /* ClassDescription.swift in Sources */,
				OBJ_268 /* EnumDescription.swift in Sources */,
				OBJ_269 /* ExtensionDescription.swift in Sources */,
				OBJ_270 /* FileDescription.swift in Sources */,
				OBJ_271 /* InitializerDescription.swift in Sources */,
				OBJ_272 /* MethodDescription.swift in Sources */,
				OBJ_273 /* ModuleDependency.swift in Sources */,
				OBJ_274 /* PropertyDescription.swift in Sources */,
				OBJ_275 /* ProtocolDescription.swift in Sources */,
				OBJ_276 /* Visibility.swift in Sources */,
				OBJ_277 /* ClassPropertyWriter.swift in Sources */,
				OBJ_278 /* ClassWriter.swift in Sources */,
				OBJ_279 /* DocumentationWriter.swift in Sources */,
				OBJ_280 /* EnumWriter.swift in Sources */,
				OBJ_281 /* ExtensionWriter.swift in Sources */,
				OBJ_282 /* FileWriter.swift in Sources */,
				OBJ_283 /* InitializerWriter.swift in Sources */,
				OBJ_284 /* MethodWriter.swift in Sources */,
				OBJ_285 /* ProtocolPropertyWriter.swift in Sources */,
				OBJ_286 /* ProtocolWriter.swift in Sources */,
			);
			runOnlyForDeploymentPostprocessing = 0;
		};
		OBJ_293 /* Sources */ = {
			isa = PBXSourcesBuildPhase;
			buildActionMask = 0;
			files = (
				OBJ_294 /* CodeBuilder.swift in Sources */,
				OBJ_295 /* CodeWriter.swift in Sources */,
			);
			runOnlyForDeploymentPostprocessing = 0;
		};
		OBJ_300 /* Sources */ = {
			isa = PBXSourcesBuildPhase;
			buildActionMask = 0;
			files = (
				OBJ_301 /* ClassFileBuilder.swift in Sources */,
				OBJ_302 /* EnumFileBuilder.swift in Sources */,
				OBJ_303 /* Dir.swift in Sources */,
				OBJ_304 /* File.swift in Sources */,
				OBJ_305 /* PlatformGen.swift in Sources */,
				OBJ_306 /* PolymorphGen.swift in Sources */,
			);
			runOnlyForDeploymentPostprocessing = 0;
		};
		OBJ_315 /* Sources */ = {
			isa = PBXSourcesBuildPhase;
			buildActionMask = 0;
			files = (
				OBJ_316 /* Class.swift in Sources */,
				OBJ_317 /* Documentable.swift in Sources */,
				OBJ_318 /* Enum.swift in Sources */,
				OBJ_319 /* Member.swift in Sources */,
				OBJ_320 /* Models.swift in Sources */,
				OBJ_321 /* Native.swift in Sources */,
				OBJ_322 /* NativeFactory.swift in Sources */,
				OBJ_323 /* Object.swift in Sources */,
				OBJ_324 /* Package.swift in Sources */,
				OBJ_325 /* Packageable.swift in Sources */,
				OBJ_326 /* Polymorph.swift in Sources */,
				OBJ_327 /* PolymorphCoreError.swift in Sources */,
				OBJ_328 /* Project.swift in Sources */,
				OBJ_329 /* Property.swift in Sources */,
				OBJ_330 /* Transformer.swift in Sources */,
				OBJ_331 /* TransformerFactory.swift in Sources */,
			);
			runOnlyForDeploymentPostprocessing = 0;
		};
		OBJ_338 /* Sources */ = {
			isa = PBXSourcesBuildPhase;
			buildActionMask = 0;
			files = (
				OBJ_339 /* StringCase.swift in Sources */,
			);
			runOnlyForDeploymentPostprocessing = 0;
		};
/* End PBXSourcesBuildPhase section */

/* Begin PBXTargetDependency section */
		OBJ_196 /* PBXTargetDependency */ = {
			isa = PBXTargetDependency;
			target = "PolymorphSwiftGen::PolymorphSwiftGen" /* PolymorphSwiftGen */;
			targetProxy = A325407D1F9E12670026FE4F /* PBXContainerItemProxy */;
		};
		OBJ_198 /* PBXTargetDependency */ = {
			isa = PBXTargetDependency;
			target = "SwiftCodeWriter::SwiftCodeWriter" /* SwiftCodeWriter */;
			targetProxy = A325407E1F9E12670026FE4F /* PBXContainerItemProxy */;
		};
		OBJ_200 /* PBXTargetDependency */ = {
			isa = PBXTargetDependency;
			target = "CodeWriter::CodeWriter" /* CodeWriter */;
			targetProxy = A325407F1F9E12670026FE4F /* PBXContainerItemProxy */;
		};
		OBJ_202 /* PBXTargetDependency */ = {
			isa = PBXTargetDependency;
			target = "PolymorphGen::PolymorphGen" /* PolymorphGen */;
			targetProxy = A32540801F9E12670026FE4F /* PBXContainerItemProxy */;
		};
		OBJ_204 /* PBXTargetDependency */ = {
			isa = PBXTargetDependency;
			target = "PolymorphCore::PolymorphCore" /* PolymorphCore */;
			targetProxy = A32540811F9E12670026FE4F /* PBXContainerItemProxy */;
		};
		OBJ_206 /* PBXTargetDependency */ = {
			isa = PBXTargetDependency;
			target = "StringCase::StringCase" /* StringCase */;
			targetProxy = A32540821F9E12670026FE4F /* PBXContainerItemProxy */;
		};
		OBJ_258 /* PBXTargetDependency */ = {
			isa = PBXTargetDependency;
			target = "SwiftCodeWriter::SwiftCodeWriter" /* SwiftCodeWriter */;
			targetProxy = A32540741F9E12670026FE4F /* PBXContainerItemProxy */;
		};
		OBJ_259 /* PBXTargetDependency */ = {
			isa = PBXTargetDependency;
			target = "CodeWriter::CodeWriter" /* CodeWriter */;
			targetProxy = A32540761F9E12670026FE4F /* PBXContainerItemProxy */;
		};
		OBJ_260 /* PBXTargetDependency */ = {
			isa = PBXTargetDependency;
			target = "PolymorphGen::PolymorphGen" /* PolymorphGen */;
			targetProxy = A32540771F9E12670026FE4F /* PBXContainerItemProxy */;
		};
		OBJ_261 /* PBXTargetDependency */ = {
			isa = PBXTargetDependency;
			target = "PolymorphCore::PolymorphCore" /* PolymorphCore */;
			targetProxy = A325407B1F9E12670026FE4F /* PBXContainerItemProxy */;
		};
		OBJ_262 /* PBXTargetDependency */ = {
			isa = PBXTargetDependency;
			target = "StringCase::StringCase" /* StringCase */;
			targetProxy = A325407C1F9E12670026FE4F /* PBXContainerItemProxy */;
		};
		OBJ_289 /* PBXTargetDependency */ = {
			isa = PBXTargetDependency;
			target = "CodeWriter::CodeWriter" /* CodeWriter */;
			targetProxy = A32540751F9E12670026FE4F /* PBXContainerItemProxy */;
		};
		OBJ_310 /* PBXTargetDependency */ = {
			isa = PBXTargetDependency;
			target = "PolymorphCore::PolymorphCore" /* PolymorphCore */;
			targetProxy = A32540781F9E12670026FE4F /* PBXContainerItemProxy */;
		};
		OBJ_311 /* PBXTargetDependency */ = {
			isa = PBXTargetDependency;
			target = "StringCase::StringCase" /* StringCase */;
			targetProxy = A325407A1F9E12670026FE4F /* PBXContainerItemProxy */;
		};
		OBJ_334 /* PBXTargetDependency */ = {
			isa = PBXTargetDependency;
			target = "StringCase::StringCase" /* StringCase */;
			targetProxy = A32540791F9E12670026FE4F /* PBXContainerItemProxy */;
		};
		OBJ_345 /* PBXTargetDependency */ = {
			isa = PBXTargetDependency;
			target = "PolymorphSwiftGen::PolymorphSwiftGenTests" /* PolymorphSwiftGenTests */;
			targetProxy = A32540831F9E12670026FE4F /* PBXContainerItemProxy */;
		};
/* End PBXTargetDependency section */

/* Begin XCBuildConfiguration section */
		OBJ_149 /* Debug */ = {
			isa = XCBuildConfiguration;
			buildSettings = {
				LD = /usr/bin/true;
				OTHER_SWIFT_FLAGS = "-swift-version 4 -I /Applications/Xcode.app/Contents/Developer/Toolchains/XcodeDefault.xctoolchain/usr/lib/swift/pm/4 -target x86_64-apple-macosx10.10 -sdk /Applications/Xcode.app/Contents/Developer/Platforms/MacOSX.platform/Developer/SDKs/MacOSX10.13.sdk";
				SWIFT_VERSION = 4.0;
			};
			name = Debug;
		};
		OBJ_150 /* Release */ = {
			isa = XCBuildConfiguration;
			buildSettings = {
				LD = /usr/bin/true;
				OTHER_SWIFT_FLAGS = "-swift-version 4 -I /Applications/Xcode.app/Contents/Developer/Toolchains/XcodeDefault.xctoolchain/usr/lib/swift/pm/4 -target x86_64-apple-macosx10.10 -sdk /Applications/Xcode.app/Contents/Developer/Platforms/MacOSX.platform/Developer/SDKs/MacOSX10.13.sdk";
				SWIFT_VERSION = 4.0;
			};
			name = Release;
		};
		OBJ_155 /* Debug */ = {
			isa = XCBuildConfiguration;
			buildSettings = {
				LD = /usr/bin/true;
				OTHER_SWIFT_FLAGS = "-swift-version 4 -I /Applications/Xcode.app/Contents/Developer/Toolchains/XcodeDefault.xctoolchain/usr/lib/swift/pm/4 -target x86_64-apple-macosx10.10 -sdk /Applications/Xcode.app/Contents/Developer/Platforms/MacOSX.platform/Developer/SDKs/MacOSX10.13.sdk";
				SWIFT_VERSION = 4.0;
			};
			name = Debug;
		};
		OBJ_156 /* Release */ = {
			isa = XCBuildConfiguration;
			buildSettings = {
				LD = /usr/bin/true;
				OTHER_SWIFT_FLAGS = "-swift-version 4 -I /Applications/Xcode.app/Contents/Developer/Toolchains/XcodeDefault.xctoolchain/usr/lib/swift/pm/4 -target x86_64-apple-macosx10.10 -sdk /Applications/Xcode.app/Contents/Developer/Platforms/MacOSX.platform/Developer/SDKs/MacOSX10.13.sdk";
				SWIFT_VERSION = 4.0;
			};
			name = Release;
		};
		OBJ_161 /* Debug */ = {
			isa = XCBuildConfiguration;
			buildSettings = {
				LD = /usr/bin/true;
				OTHER_SWIFT_FLAGS = "-swift-version 4 -I /Applications/Xcode.app/Contents/Developer/Toolchains/XcodeDefault.xctoolchain/usr/lib/swift/pm/4 -target x86_64-apple-macosx10.10 -sdk /Applications/Xcode.app/Contents/Developer/Platforms/MacOSX.platform/Developer/SDKs/MacOSX10.13.sdk";
				SWIFT_VERSION = 4.0;
			};
			name = Debug;
		};
		OBJ_162 /* Release */ = {
			isa = XCBuildConfiguration;
			buildSettings = {
				LD = /usr/bin/true;
				OTHER_SWIFT_FLAGS = "-swift-version 4 -I /Applications/Xcode.app/Contents/Developer/Toolchains/XcodeDefault.xctoolchain/usr/lib/swift/pm/4 -target x86_64-apple-macosx10.10 -sdk /Applications/Xcode.app/Contents/Developer/Platforms/MacOSX.platform/Developer/SDKs/MacOSX10.13.sdk";
				SWIFT_VERSION = 4.0;
			};
			name = Release;
		};
		OBJ_167 /* Debug */ = {
			isa = XCBuildConfiguration;
			buildSettings = {
				LD = /usr/bin/true;
				OTHER_SWIFT_FLAGS = "-swift-version 4 -I /Applications/Xcode.app/Contents/Developer/Toolchains/XcodeDefault.xctoolchain/usr/lib/swift/pm/4 -target x86_64-apple-macosx10.10 -sdk /Applications/Xcode.app/Contents/Developer/Platforms/MacOSX.platform/Developer/SDKs/MacOSX10.13.sdk";
				SWIFT_VERSION = 4.0;
			};
			name = Debug;
		};
		OBJ_168 /* Release */ = {
			isa = XCBuildConfiguration;
			buildSettings = {
				LD = /usr/bin/true;
				OTHER_SWIFT_FLAGS = "-swift-version 4 -I /Applications/Xcode.app/Contents/Developer/Toolchains/XcodeDefault.xctoolchain/usr/lib/swift/pm/4 -target x86_64-apple-macosx10.10 -sdk /Applications/Xcode.app/Contents/Developer/Platforms/MacOSX.platform/Developer/SDKs/MacOSX10.13.sdk";
				SWIFT_VERSION = 4.0;
			};
			name = Release;
		};
		OBJ_173 /* Debug */ = {
			isa = XCBuildConfiguration;
			buildSettings = {
				LD = /usr/bin/true;
				OTHER_SWIFT_FLAGS = "-swift-version 4 -I /Applications/Xcode.app/Contents/Developer/Toolchains/XcodeDefault.xctoolchain/usr/lib/swift/pm/4 -target x86_64-apple-macosx10.10 -sdk /Applications/Xcode.app/Contents/Developer/Platforms/MacOSX.platform/Developer/SDKs/MacOSX10.13.sdk";
				SWIFT_VERSION = 4.0;
			};
			name = Debug;
		};
		OBJ_174 /* Release */ = {
			isa = XCBuildConfiguration;
			buildSettings = {
				LD = /usr/bin/true;
				OTHER_SWIFT_FLAGS = "-swift-version 4 -I /Applications/Xcode.app/Contents/Developer/Toolchains/XcodeDefault.xctoolchain/usr/lib/swift/pm/4 -target x86_64-apple-macosx10.10 -sdk /Applications/Xcode.app/Contents/Developer/Platforms/MacOSX.platform/Developer/SDKs/MacOSX10.13.sdk";
				SWIFT_VERSION = 4.0;
			};
			name = Release;
		};
		OBJ_179 /* Debug */ = {
			isa = XCBuildConfiguration;
			buildSettings = {
				LD = /usr/bin/true;
				OTHER_SWIFT_FLAGS = "-swift-version 4 -I /Applications/Xcode.app/Contents/Developer/Toolchains/XcodeDefault.xctoolchain/usr/lib/swift/pm/4 -target x86_64-apple-macosx10.10 -sdk /Applications/Xcode.app/Contents/Developer/Platforms/MacOSX.platform/Developer/SDKs/MacOSX10.13.sdk";
				SWIFT_VERSION = 4.0;
			};
			name = Debug;
		};
		OBJ_180 /* Release */ = {
			isa = XCBuildConfiguration;
			buildSettings = {
				LD = /usr/bin/true;
				OTHER_SWIFT_FLAGS = "-swift-version 4 -I /Applications/Xcode.app/Contents/Developer/Toolchains/XcodeDefault.xctoolchain/usr/lib/swift/pm/4 -target x86_64-apple-macosx10.10 -sdk /Applications/Xcode.app/Contents/Developer/Platforms/MacOSX.platform/Developer/SDKs/MacOSX10.13.sdk";
				SWIFT_VERSION = 4.0;
			};
			name = Release;
		};
		OBJ_185 /* Debug */ = {
			isa = XCBuildConfiguration;
			buildSettings = {
				EMBEDDED_CONTENT_CONTAINS_SWIFT = YES;
				FRAMEWORK_SEARCH_PATHS = (
					"$(inherited)",
					"$(PLATFORM_DIR)/Developer/Library/Frameworks",
				);
				HEADER_SEARCH_PATHS = "$(inherited)";
				INFOPLIST_FILE = PolymorphSwiftGen.xcodeproj/PolymorphSwiftGenTests_Info.plist;
				LD_RUNPATH_SEARCH_PATHS = "@loader_path/../Frameworks @loader_path/Frameworks";
				OTHER_LDFLAGS = "$(inherited)";
				OTHER_SWIFT_FLAGS = "$(inherited)";
				SWIFT_VERSION = 4.0;
				TARGET_NAME = PolymorphSwiftGenTests;
			};
			name = Debug;
		};
		OBJ_186 /* Release */ = {
			isa = XCBuildConfiguration;
			buildSettings = {
				EMBEDDED_CONTENT_CONTAINS_SWIFT = YES;
				FRAMEWORK_SEARCH_PATHS = (
					"$(inherited)",
					"$(PLATFORM_DIR)/Developer/Library/Frameworks",
				);
				HEADER_SEARCH_PATHS = "$(inherited)";
				INFOPLIST_FILE = PolymorphSwiftGen.xcodeproj/PolymorphSwiftGenTests_Info.plist;
				LD_RUNPATH_SEARCH_PATHS = "@loader_path/../Frameworks @loader_path/Frameworks";
				OTHER_LDFLAGS = "$(inherited)";
				OTHER_SWIFT_FLAGS = "$(inherited)";
				SWIFT_VERSION = 4.0;
				TARGET_NAME = PolymorphSwiftGenTests;
			};
			name = Release;
		};
		OBJ_209 /* Debug */ = {
			isa = XCBuildConfiguration;
			buildSettings = {
				ENABLE_TESTABILITY = YES;
				FRAMEWORK_SEARCH_PATHS = (
					"$(inherited)",
					"$(PLATFORM_DIR)/Developer/Library/Frameworks",
				);
				HEADER_SEARCH_PATHS = "$(inherited)";
				INFOPLIST_FILE = PolymorphSwiftGen.xcodeproj/PolymorphSwiftGen_Info.plist;
				LD_RUNPATH_SEARCH_PATHS = "$(TOOLCHAIN_DIR)/usr/lib/swift/macosx";
				OTHER_LDFLAGS = "$(inherited)";
				OTHER_SWIFT_FLAGS = "$(inherited)";
				PRODUCT_BUNDLE_IDENTIFIER = PolymorphSwiftGen;
				PRODUCT_MODULE_NAME = "$(TARGET_NAME:c99extidentifier)";
				PRODUCT_NAME = "$(TARGET_NAME:c99extidentifier)";
				SKIP_INSTALL = YES;
				SWIFT_VERSION = 4.0;
				TARGET_NAME = PolymorphSwiftGen;
			};
			name = Debug;
		};
		OBJ_210 /* Release */ = {
			isa = XCBuildConfiguration;
			buildSettings = {
				ENABLE_TESTABILITY = YES;
				FRAMEWORK_SEARCH_PATHS = (
					"$(inherited)",
					"$(PLATFORM_DIR)/Developer/Library/Frameworks",
				);
				HEADER_SEARCH_PATHS = "$(inherited)";
				INFOPLIST_FILE = PolymorphSwiftGen.xcodeproj/PolymorphSwiftGen_Info.plist;
				LD_RUNPATH_SEARCH_PATHS = "$(TOOLCHAIN_DIR)/usr/lib/swift/macosx";
				OTHER_LDFLAGS = "$(inherited)";
				OTHER_SWIFT_FLAGS = "$(inherited)";
				PRODUCT_BUNDLE_IDENTIFIER = PolymorphSwiftGen;
				PRODUCT_MODULE_NAME = "$(TARGET_NAME:c99extidentifier)";
				PRODUCT_NAME = "$(TARGET_NAME:c99extidentifier)";
				SKIP_INSTALL = YES;
				SWIFT_VERSION = 4.0;
				TARGET_NAME = PolymorphSwiftGen;
			};
			name = Release;
		};
		OBJ_264 /* Debug */ = {
			isa = XCBuildConfiguration;
			buildSettings = {
				ENABLE_TESTABILITY = YES;
				FRAMEWORK_SEARCH_PATHS = (
					"$(inherited)",
					"$(PLATFORM_DIR)/Developer/Library/Frameworks",
				);
				HEADER_SEARCH_PATHS = "$(inherited)";
				INFOPLIST_FILE = PolymorphSwiftGen.xcodeproj/SwiftCodeWriter_Info.plist;
				LD_RUNPATH_SEARCH_PATHS = "$(TOOLCHAIN_DIR)/usr/lib/swift/macosx";
				OTHER_LDFLAGS = "$(inherited)";
				OTHER_SWIFT_FLAGS = "$(inherited)";
				PRODUCT_BUNDLE_IDENTIFIER = SwiftCodeWriter;
				PRODUCT_MODULE_NAME = "$(TARGET_NAME:c99extidentifier)";
				PRODUCT_NAME = "$(TARGET_NAME:c99extidentifier)";
				SKIP_INSTALL = YES;
				SWIFT_VERSION = 4.0;
				TARGET_NAME = SwiftCodeWriter;
			};
			name = Debug;
		};
		OBJ_265 /* Release */ = {
			isa = XCBuildConfiguration;
			buildSettings = {
				ENABLE_TESTABILITY = YES;
				FRAMEWORK_SEARCH_PATHS = (
					"$(inherited)",
					"$(PLATFORM_DIR)/Developer/Library/Frameworks",
				);
				HEADER_SEARCH_PATHS = "$(inherited)";
				INFOPLIST_FILE = PolymorphSwiftGen.xcodeproj/SwiftCodeWriter_Info.plist;
				LD_RUNPATH_SEARCH_PATHS = "$(TOOLCHAIN_DIR)/usr/lib/swift/macosx";
				OTHER_LDFLAGS = "$(inherited)";
				OTHER_SWIFT_FLAGS = "$(inherited)";
				PRODUCT_BUNDLE_IDENTIFIER = SwiftCodeWriter;
				PRODUCT_MODULE_NAME = "$(TARGET_NAME:c99extidentifier)";
				PRODUCT_NAME = "$(TARGET_NAME:c99extidentifier)";
				SKIP_INSTALL = YES;
				SWIFT_VERSION = 4.0;
				TARGET_NAME = SwiftCodeWriter;
			};
			name = Release;
		};
		OBJ_291 /* Debug */ = {
			isa = XCBuildConfiguration;
			buildSettings = {
				ENABLE_TESTABILITY = YES;
				FRAMEWORK_SEARCH_PATHS = (
					"$(inherited)",
					"$(PLATFORM_DIR)/Developer/Library/Frameworks",
				);
				HEADER_SEARCH_PATHS = "$(inherited)";
				INFOPLIST_FILE = PolymorphSwiftGen.xcodeproj/CodeWriter_Info.plist;
				LD_RUNPATH_SEARCH_PATHS = "$(TOOLCHAIN_DIR)/usr/lib/swift/macosx";
				OTHER_LDFLAGS = "$(inherited)";
				OTHER_SWIFT_FLAGS = "$(inherited)";
				PRODUCT_BUNDLE_IDENTIFIER = CodeWriter;
				PRODUCT_MODULE_NAME = "$(TARGET_NAME:c99extidentifier)";
				PRODUCT_NAME = "$(TARGET_NAME:c99extidentifier)";
				SKIP_INSTALL = YES;
				SWIFT_VERSION = 4.0;
				TARGET_NAME = CodeWriter;
			};
			name = Debug;
		};
		OBJ_292 /* Release */ = {
			isa = XCBuildConfiguration;
			buildSettings = {
				ENABLE_TESTABILITY = YES;
				FRAMEWORK_SEARCH_PATHS = (
					"$(inherited)",
					"$(PLATFORM_DIR)/Developer/Library/Frameworks",
				);
				HEADER_SEARCH_PATHS = "$(inherited)";
				INFOPLIST_FILE = PolymorphSwiftGen.xcodeproj/CodeWriter_Info.plist;
				LD_RUNPATH_SEARCH_PATHS = "$(TOOLCHAIN_DIR)/usr/lib/swift/macosx";
				OTHER_LDFLAGS = "$(inherited)";
				OTHER_SWIFT_FLAGS = "$(inherited)";
				PRODUCT_BUNDLE_IDENTIFIER = CodeWriter;
				PRODUCT_MODULE_NAME = "$(TARGET_NAME:c99extidentifier)";
				PRODUCT_NAME = "$(TARGET_NAME:c99extidentifier)";
				SKIP_INSTALL = YES;
				SWIFT_VERSION = 4.0;
				TARGET_NAME = CodeWriter;
			};
			name = Release;
		};
		OBJ_298 /* Debug */ = {
			isa = XCBuildConfiguration;
			buildSettings = {
				ENABLE_TESTABILITY = YES;
				FRAMEWORK_SEARCH_PATHS = (
					"$(inherited)",
					"$(PLATFORM_DIR)/Developer/Library/Frameworks",
				);
				HEADER_SEARCH_PATHS = "$(inherited)";
				INFOPLIST_FILE = PolymorphSwiftGen.xcodeproj/PolymorphGen_Info.plist;
				LD_RUNPATH_SEARCH_PATHS = "$(TOOLCHAIN_DIR)/usr/lib/swift/macosx";
				OTHER_LDFLAGS = "$(inherited)";
				OTHER_SWIFT_FLAGS = "$(inherited)";
				PRODUCT_BUNDLE_IDENTIFIER = PolymorphGen;
				PRODUCT_MODULE_NAME = "$(TARGET_NAME:c99extidentifier)";
				PRODUCT_NAME = "$(TARGET_NAME:c99extidentifier)";
				SKIP_INSTALL = YES;
				SWIFT_VERSION = 4.0;
				TARGET_NAME = PolymorphGen;
			};
			name = Debug;
		};
		OBJ_299 /* Release */ = {
			isa = XCBuildConfiguration;
			buildSettings = {
				ENABLE_TESTABILITY = YES;
				FRAMEWORK_SEARCH_PATHS = (
					"$(inherited)",
					"$(PLATFORM_DIR)/Developer/Library/Frameworks",
				);
				HEADER_SEARCH_PATHS = "$(inherited)";
				INFOPLIST_FILE = PolymorphSwiftGen.xcodeproj/PolymorphGen_Info.plist;
				LD_RUNPATH_SEARCH_PATHS = "$(TOOLCHAIN_DIR)/usr/lib/swift/macosx";
				OTHER_LDFLAGS = "$(inherited)";
				OTHER_SWIFT_FLAGS = "$(inherited)";
				PRODUCT_BUNDLE_IDENTIFIER = PolymorphGen;
				PRODUCT_MODULE_NAME = "$(TARGET_NAME:c99extidentifier)";
				PRODUCT_NAME = "$(TARGET_NAME:c99extidentifier)";
				SKIP_INSTALL = YES;
				SWIFT_VERSION = 4.0;
				TARGET_NAME = PolymorphGen;
			};
			name = Release;
		};
		OBJ_3 /* Debug */ = {
			isa = XCBuildConfiguration;
			buildSettings = {
				CLANG_ENABLE_OBJC_ARC = YES;
				COMBINE_HIDPI_IMAGES = YES;
				COPY_PHASE_STRIP = NO;
				DEBUG_INFORMATION_FORMAT = dwarf;
				DYLIB_INSTALL_NAME_BASE = "@rpath";
				ENABLE_NS_ASSERTIONS = YES;
				GCC_OPTIMIZATION_LEVEL = 0;
				MACOSX_DEPLOYMENT_TARGET = 10.10;
				ONLY_ACTIVE_ARCH = YES;
				OTHER_SWIFT_FLAGS = "-DXcode";
				PRODUCT_NAME = "$(TARGET_NAME)";
				SDKROOT = macosx;
				SUPPORTED_PLATFORMS = "macosx iphoneos iphonesimulator appletvos appletvsimulator watchos watchsimulator";
				SWIFT_ACTIVE_COMPILATION_CONDITIONS = SWIFT_PACKAGE;
				SWIFT_OPTIMIZATION_LEVEL = "-Onone";
				USE_HEADERMAP = NO;
			};
			name = Debug;
		};
		OBJ_313 /* Debug */ = {
			isa = XCBuildConfiguration;
			buildSettings = {
				ENABLE_TESTABILITY = YES;
				FRAMEWORK_SEARCH_PATHS = (
					"$(inherited)",
					"$(PLATFORM_DIR)/Developer/Library/Frameworks",
				);
				HEADER_SEARCH_PATHS = "$(inherited)";
				INFOPLIST_FILE = PolymorphSwiftGen.xcodeproj/PolymorphCore_Info.plist;
				LD_RUNPATH_SEARCH_PATHS = "$(TOOLCHAIN_DIR)/usr/lib/swift/macosx";
				OTHER_LDFLAGS = "$(inherited)";
				OTHER_SWIFT_FLAGS = "$(inherited)";
				PRODUCT_BUNDLE_IDENTIFIER = PolymorphCore;
				PRODUCT_MODULE_NAME = "$(TARGET_NAME:c99extidentifier)";
				PRODUCT_NAME = "$(TARGET_NAME:c99extidentifier)";
				SKIP_INSTALL = YES;
				SWIFT_VERSION = 4.0;
				TARGET_NAME = PolymorphCore;
			};
			name = Debug;
		};
		OBJ_314 /* Release */ = {
			isa = XCBuildConfiguration;
			buildSettings = {
				ENABLE_TESTABILITY = YES;
				FRAMEWORK_SEARCH_PATHS = (
					"$(inherited)",
					"$(PLATFORM_DIR)/Developer/Library/Frameworks",
				);
				HEADER_SEARCH_PATHS = "$(inherited)";
				INFOPLIST_FILE = PolymorphSwiftGen.xcodeproj/PolymorphCore_Info.plist;
				LD_RUNPATH_SEARCH_PATHS = "$(TOOLCHAIN_DIR)/usr/lib/swift/macosx";
				OTHER_LDFLAGS = "$(inherited)";
				OTHER_SWIFT_FLAGS = "$(inherited)";
				PRODUCT_BUNDLE_IDENTIFIER = PolymorphCore;
				PRODUCT_MODULE_NAME = "$(TARGET_NAME:c99extidentifier)";
				PRODUCT_NAME = "$(TARGET_NAME:c99extidentifier)";
				SKIP_INSTALL = YES;
				SWIFT_VERSION = 4.0;
				TARGET_NAME = PolymorphCore;
			};
			name = Release;
		};
		OBJ_336 /* Debug */ = {
			isa = XCBuildConfiguration;
			buildSettings = {
				ENABLE_TESTABILITY = YES;
				FRAMEWORK_SEARCH_PATHS = (
					"$(inherited)",
					"$(PLATFORM_DIR)/Developer/Library/Frameworks",
				);
				HEADER_SEARCH_PATHS = "$(inherited)";
				INFOPLIST_FILE = PolymorphSwiftGen.xcodeproj/StringCase_Info.plist;
				LD_RUNPATH_SEARCH_PATHS = "$(TOOLCHAIN_DIR)/usr/lib/swift/macosx";
				OTHER_LDFLAGS = "$(inherited)";
				OTHER_SWIFT_FLAGS = "$(inherited)";
				PRODUCT_BUNDLE_IDENTIFIER = StringCase;
				PRODUCT_MODULE_NAME = "$(TARGET_NAME:c99extidentifier)";
				PRODUCT_NAME = "$(TARGET_NAME:c99extidentifier)";
				SKIP_INSTALL = YES;
				SWIFT_VERSION = 4.0;
				TARGET_NAME = StringCase;
			};
			name = Debug;
		};
		OBJ_337 /* Release */ = {
			isa = XCBuildConfiguration;
			buildSettings = {
				ENABLE_TESTABILITY = YES;
				FRAMEWORK_SEARCH_PATHS = (
					"$(inherited)",
					"$(PLATFORM_DIR)/Developer/Library/Frameworks",
				);
				HEADER_SEARCH_PATHS = "$(inherited)";
				INFOPLIST_FILE = PolymorphSwiftGen.xcodeproj/StringCase_Info.plist;
				LD_RUNPATH_SEARCH_PATHS = "$(TOOLCHAIN_DIR)/usr/lib/swift/macosx";
				OTHER_LDFLAGS = "$(inherited)";
				OTHER_SWIFT_FLAGS = "$(inherited)";
				PRODUCT_BUNDLE_IDENTIFIER = StringCase;
				PRODUCT_MODULE_NAME = "$(TARGET_NAME:c99extidentifier)";
				PRODUCT_NAME = "$(TARGET_NAME:c99extidentifier)";
				SKIP_INSTALL = YES;
				SWIFT_VERSION = 4.0;
				TARGET_NAME = StringCase;
			};
			name = Release;
		};
		OBJ_343 /* Debug */ = {
			isa = XCBuildConfiguration;
			buildSettings = {
			};
			name = Debug;
		};
		OBJ_344 /* Release */ = {
			isa = XCBuildConfiguration;
			buildSettings = {
			};
			name = Release;
		};
		OBJ_4 /* Release */ = {
			isa = XCBuildConfiguration;
			buildSettings = {
				CLANG_ENABLE_OBJC_ARC = YES;
				COMBINE_HIDPI_IMAGES = YES;
				COPY_PHASE_STRIP = YES;
				DEBUG_INFORMATION_FORMAT = "dwarf-with-dsym";
				DYLIB_INSTALL_NAME_BASE = "@rpath";
				GCC_OPTIMIZATION_LEVEL = s;
				MACOSX_DEPLOYMENT_TARGET = 10.10;
				OTHER_SWIFT_FLAGS = "-DXcode";
				PRODUCT_NAME = "$(TARGET_NAME)";
				SDKROOT = macosx;
				SUPPORTED_PLATFORMS = "macosx iphoneos iphonesimulator appletvos appletvsimulator watchos watchsimulator";
				SWIFT_ACTIVE_COMPILATION_CONDITIONS = SWIFT_PACKAGE;
				SWIFT_OPTIMIZATION_LEVEL = "-Owholemodule";
				USE_HEADERMAP = NO;
			};
			name = Release;
		};
/* End XCBuildConfiguration section */

/* Begin XCConfigurationList section */
		OBJ_148 /* Build configuration list for PBXNativeTarget "PolymorphSwiftGenPackageDescription" */ = {
			isa = XCConfigurationList;
			buildConfigurations = (
				OBJ_149 /* Debug */,
				OBJ_150 /* Release */,
			);
			defaultConfigurationIsVisible = 0;
			defaultConfigurationName = Debug;
		};
		OBJ_154 /* Build configuration list for PBXNativeTarget "SwiftCodeWriterPackageDescription" */ = {
			isa = XCConfigurationList;
			buildConfigurations = (
				OBJ_155 /* Debug */,
				OBJ_156 /* Release */,
			);
			defaultConfigurationIsVisible = 0;
			defaultConfigurationName = Debug;
		};
		OBJ_160 /* Build configuration list for PBXNativeTarget "CodeWriterPackageDescription" */ = {
			isa = XCConfigurationList;
			buildConfigurations = (
				OBJ_161 /* Debug */,
				OBJ_162 /* Release */,
			);
			defaultConfigurationIsVisible = 0;
			defaultConfigurationName = Debug;
		};
		OBJ_166 /* Build configuration list for PBXNativeTarget "PolymorphGenPackageDescription" */ = {
			isa = XCConfigurationList;
			buildConfigurations = (
				OBJ_167 /* Debug */,
				OBJ_168 /* Release */,
			);
			defaultConfigurationIsVisible = 0;
			defaultConfigurationName = Debug;
		};
		OBJ_172 /* Build configuration list for PBXNativeTarget "PolymorphCorePackageDescription" */ = {
			isa = XCConfigurationList;
			buildConfigurations = (
				OBJ_173 /* Debug */,
				OBJ_174 /* Release */,
			);
			defaultConfigurationIsVisible = 0;
			defaultConfigurationName = Debug;
		};
		OBJ_178 /* Build configuration list for PBXNativeTarget "StringCasePackageDescription" */ = {
			isa = XCConfigurationList;
			buildConfigurations = (
				OBJ_179 /* Debug */,
				OBJ_180 /* Release */,
			);
			defaultConfigurationIsVisible = 0;
			defaultConfigurationName = Debug;
		};
		OBJ_184 /* Build configuration list for PBXNativeTarget "PolymorphSwiftGenTests" */ = {
			isa = XCConfigurationList;
			buildConfigurations = (
				OBJ_185 /* Debug */,
				OBJ_186 /* Release */,
			);
			defaultConfigurationIsVisible = 0;
			defaultConfigurationName = Debug;
		};
		OBJ_2 /* Build configuration list for PBXProject "PolymorphSwiftGen" */ = {
			isa = XCConfigurationList;
			buildConfigurations = (
				OBJ_3 /* Debug */,
				OBJ_4 /* Release */,
			);
			defaultConfigurationIsVisible = 0;
			defaultConfigurationName = Debug;
		};
		OBJ_208 /* Build configuration list for PBXNativeTarget "PolymorphSwiftGen" */ = {
			isa = XCConfigurationList;
			buildConfigurations = (
				OBJ_209 /* Debug */,
				OBJ_210 /* Release */,
			);
			defaultConfigurationIsVisible = 0;
			defaultConfigurationName = Debug;
		};
		OBJ_263 /* Build configuration list for PBXNativeTarget "SwiftCodeWriter" */ = {
			isa = XCConfigurationList;
			buildConfigurations = (
				OBJ_264 /* Debug */,
				OBJ_265 /* Release */,
			);
			defaultConfigurationIsVisible = 0;
			defaultConfigurationName = Debug;
		};
		OBJ_290 /* Build configuration list for PBXNativeTarget "CodeWriter" */ = {
			isa = XCConfigurationList;
			buildConfigurations = (
				OBJ_291 /* Debug */,
				OBJ_292 /* Release */,
			);
			defaultConfigurationIsVisible = 0;
			defaultConfigurationName = Debug;
		};
		OBJ_297 /* Build configuration list for PBXNativeTarget "PolymorphGen" */ = {
			isa = XCConfigurationList;
			buildConfigurations = (
				OBJ_298 /* Debug */,
				OBJ_299 /* Release */,
			);
			defaultConfigurationIsVisible = 0;
			defaultConfigurationName = Debug;
		};
		OBJ_312 /* Build configuration list for PBXNativeTarget "PolymorphCore" */ = {
			isa = XCConfigurationList;
			buildConfigurations = (
				OBJ_313 /* Debug */,
				OBJ_314 /* Release */,
			);
			defaultConfigurationIsVisible = 0;
			defaultConfigurationName = Debug;
		};
		OBJ_335 /* Build configuration list for PBXNativeTarget "StringCase" */ = {
			isa = XCConfigurationList;
			buildConfigurations = (
				OBJ_336 /* Debug */,
				OBJ_337 /* Release */,
			);
			defaultConfigurationIsVisible = 0;
			defaultConfigurationName = Debug;
		};
		OBJ_342 /* Build configuration list for PBXAggregateTarget "PolymorphSwiftGenPackageTests" */ = {
			isa = XCConfigurationList;
			buildConfigurations = (
				OBJ_343 /* Debug */,
				OBJ_344 /* Release */,
			);
			defaultConfigurationIsVisible = 0;
			defaultConfigurationName = Debug;
		};
/* End XCConfigurationList section */
	};
	rootObject = OBJ_1 /* Project object */;
}
